// !$*UTF8*$!
{
	archiveVersion = 1;
	classes = {
	};
	objectVersion = 46;
	objects = {

/* Begin PBXBuildFile section */
		3501A3EC1C85B3C100C6371E /* CQHotListCell.m in Sources */ = {isa = PBXBuildFile; fileRef = 3501A3EA1C85B3C100C6371E /* CQHotListCell.m */; };
		3501A3ED1C85B3C100C6371E /* CQHotListCell.xib in Resources */ = {isa = PBXBuildFile; fileRef = 3501A3EB1C85B3C100C6371E /* CQHotListCell.xib */; };
		3507D1511C853EF40065240D /* CQFindCarLogoListModel.m in Sources */ = {isa = PBXBuildFile; fileRef = 3507D12C1C853EF40065240D /* CQFindCarLogoListModel.m */; };
		3507D1521C853EF40065240D /* DetailsForCarModel.m in Sources */ = {isa = PBXBuildFile; fileRef = 3507D12E1C853EF40065240D /* DetailsForCarModel.m */; };
		3507D1531C853EF40065240D /* OneBrandListModel.m in Sources */ = {isa = PBXBuildFile; fileRef = 3507D1301C853EF40065240D /* OneBrandListModel.m */; };
		3507D1541C853EF40065240D /* OneKindListModel.m in Sources */ = {isa = PBXBuildFile; fileRef = 3507D1321C853EF40065240D /* OneKindListModel.m */; };
		3507D1551C853EF40065240D /* AllBrandListTableCollectionVC.m in Sources */ = {isa = PBXBuildFile; fileRef = 3507D1351C853EF40065240D /* AllBrandListTableCollectionVC.m */; };
		3507D1561C853EF40065240D /* AllBrandListTableCollectionVC.xib in Resources */ = {isa = PBXBuildFile; fileRef = 3507D1361C853EF40065240D /* AllBrandListTableCollectionVC.xib */; };
		3507D1581C853EF40065240D /* DetailsForCarTableVC.m in Sources */ = {isa = PBXBuildFile; fileRef = 3507D1391C853EF40065240D /* DetailsForCarTableVC.m */; };
		3507D1591C853EF40065240D /* DetailsForCarTableVC.xib in Resources */ = {isa = PBXBuildFile; fileRef = 3507D13A1C853EF40065240D /* DetailsForCarTableVC.xib */; };
		3507D15A1C853EF40065240D /* OneBrandListTableVC.m in Sources */ = {isa = PBXBuildFile; fileRef = 3507D13C1C853EF40065240D /* OneBrandListTableVC.m */; };
		3507D15B1C853EF40065240D /* OneBrandListTableVC.xib in Resources */ = {isa = PBXBuildFile; fileRef = 3507D13D1C853EF40065240D /* OneBrandListTableVC.xib */; };
		3507D15C1C853EF40065240D /* OneKindListTableVC.m in Sources */ = {isa = PBXBuildFile; fileRef = 3507D13F1C853EF40065240D /* OneKindListTableVC.m */; };
		3507D15D1C853EF40065240D /* OneKindListTableVC.xib in Resources */ = {isa = PBXBuildFile; fileRef = 3507D1401C853EF40065240D /* OneKindListTableVC.xib */; };
		3507D15E1C853EF40065240D /* CQFindCarLogoCollectionTableViewCell.m in Sources */ = {isa = PBXBuildFile; fileRef = 3507D1431C853EF40065240D /* CQFindCarLogoCollectionTableViewCell.m */; };
		3507D15F1C853EF40065240D /* CQFindCarLogoCollectionTableViewCell.xib in Resources */ = {isa = PBXBuildFile; fileRef = 3507D1441C853EF40065240D /* CQFindCarLogoCollectionTableViewCell.xib */; };
		3507D1601C853EF40065240D /* CQFindCarLogoListTableViewCell.m in Sources */ = {isa = PBXBuildFile; fileRef = 3507D1461C853EF40065240D /* CQFindCarLogoListTableViewCell.m */; };
		3507D1611C853EF40065240D /* CQFindCarLogoListTableViewCell.xib in Resources */ = {isa = PBXBuildFile; fileRef = 3507D1471C853EF40065240D /* CQFindCarLogoListTableViewCell.xib */; };
		3507D1621C853EF40065240D /* DetailsForCarTableViewCell.m in Sources */ = {isa = PBXBuildFile; fileRef = 3507D1491C853EF40065240D /* DetailsForCarTableViewCell.m */; };
		3507D1631C853EF40065240D /* DetailsForCarTableViewCell.xib in Resources */ = {isa = PBXBuildFile; fileRef = 3507D14A1C853EF40065240D /* DetailsForCarTableViewCell.xib */; };
		3507D1641C853EF40065240D /* OneBrandListTableViewCell.m in Sources */ = {isa = PBXBuildFile; fileRef = 3507D14C1C853EF40065240D /* OneBrandListTableViewCell.m */; };
		3507D1651C853EF40065240D /* OneBrandListTableViewCell.xib in Resources */ = {isa = PBXBuildFile; fileRef = 3507D14D1C853EF40065240D /* OneBrandListTableViewCell.xib */; };
		3507D1661C853EF40065240D /* OneKindListTableViewCell.m in Sources */ = {isa = PBXBuildFile; fileRef = 3507D14F1C853EF40065240D /* OneKindListTableViewCell.m */; };
		3507D1671C853EF40065240D /* OneKindListTableViewCell.xib in Resources */ = {isa = PBXBuildFile; fileRef = 3507D1501C853EF40065240D /* OneKindListTableViewCell.xib */; };
		357FF81E1C8578AB0059E503 /* CQHotlist.m in Sources */ = {isa = PBXBuildFile; fileRef = 357FF8161C8578AB0059E503 /* CQHotlist.m */; };
		357FF8201C8578AB0059E503 /* CQNewlist.m in Sources */ = {isa = PBXBuildFile; fileRef = 357FF81A1C8578AB0059E503 /* CQNewlist.m */; };
		357FF8311C858F990059E503 /* WMFooldView.m in Sources */ = {isa = PBXBuildFile; fileRef = 357FF8251C858F990059E503 /* WMFooldView.m */; };
		357FF8321C858F990059E503 /* WMMenuItem.m in Sources */ = {isa = PBXBuildFile; fileRef = 357FF8271C858F990059E503 /* WMMenuItem.m */; };
		357FF8331C858F990059E503 /* WMMenuView.m in Sources */ = {isa = PBXBuildFile; fileRef = 357FF8291C858F990059E503 /* WMMenuView.m */; };
		357FF8341C858F990059E503 /* WMProgressView.m in Sources */ = {isa = PBXBuildFile; fileRef = 357FF82B1C858F990059E503 /* WMProgressView.m */; };
		357FF8351C858F990059E503 /* WMScrollView.m in Sources */ = {isa = PBXBuildFile; fileRef = 357FF82D1C858F990059E503 /* WMScrollView.m */; };
		357FF8361C858F990059E503 /* WMPageController.m in Sources */ = {isa = PBXBuildFile; fileRef = 357FF8301C858F990059E503 /* WMPageController.m */; };
		357FF8391C8590E40059E503 /* CQForumMainPageC.m in Sources */ = {isa = PBXBuildFile; fileRef = 357FF8381C8590E40059E503 /* CQForumMainPageC.m */; };
		35AF753D1C846B000018B5E4 /* CQQuestionSortVC.m in Sources */ = {isa = PBXBuildFile; fileRef = 35AF753C1C846B000018B5E4 /* CQQuestionSortVC.m */; };
		35AF75431C846D600018B5E4 /* CQHotDetailModel.m in Sources */ = {isa = PBXBuildFile; fileRef = 35AF75421C846D600018B5E4 /* CQHotDetailModel.m */; };
		35AF754A1C8470010018B5E4 /* CQWebViewController.m in Sources */ = {isa = PBXBuildFile; fileRef = 35AF75491C8470010018B5E4 /* CQWebViewController.m */; };
		35AF754D1C8475030018B5E4 /* CQQuestionSortListModel.m in Sources */ = {isa = PBXBuildFile; fileRef = 35AF754C1C8475030018B5E4 /* CQQuestionSortListModel.m */; };
		35AF75501C8477A20018B5E4 /* CQQeustionSortDetailModel.m in Sources */ = {isa = PBXBuildFile; fileRef = 35AF754F1C8477A20018B5E4 /* CQQeustionSortDetailModel.m */; };
		35AF75561C8478B40018B5E4 /* CQQuestionSortListView.m in Sources */ = {isa = PBXBuildFile; fileRef = 35AF75551C8478B40018B5E4 /* CQQuestionSortListView.m */; };
		3F01E27E1C8546B500F471CD /* DownLoad.m in Sources */ = {isa = PBXBuildFile; fileRef = 3F01E27D1C8546B500F471CD /* DownLoad.m */; };
		3F01E2871C8554B800F471CD /* CQFindCarVC.m in Sources */ = {isa = PBXBuildFile; fileRef = 3F01E2851C8554B800F471CD /* CQFindCarVC.m */; };
		3F01E2881C8554B800F471CD /* CQFindCarVC.xib in Resources */ = {isa = PBXBuildFile; fileRef = 3F01E2861C8554B800F471CD /* CQFindCarVC.xib */; };
		3FAC29D01C813D7B00CCBD9D /* main.m in Sources */ = {isa = PBXBuildFile; fileRef = 3FAC29CF1C813D7B00CCBD9D /* main.m */; };
		3FAC29D31C813D7B00CCBD9D /* AppDelegate.m in Sources */ = {isa = PBXBuildFile; fileRef = 3FAC29D21C813D7B00CCBD9D /* AppDelegate.m */; };
		3FAC29D61C813D7B00CCBD9D /* ViewController.m in Sources */ = {isa = PBXBuildFile; fileRef = 3FAC29D51C813D7B00CCBD9D /* ViewController.m */; };
		3FAC29D91C813D7B00CCBD9D /* Main.storyboard in Resources */ = {isa = PBXBuildFile; fileRef = 3FAC29D71C813D7B00CCBD9D /* Main.storyboard */; };
		3FAC29DB1C813D7B00CCBD9D /* Assets.xcassets in Resources */ = {isa = PBXBuildFile; fileRef = 3FAC29DA1C813D7B00CCBD9D /* Assets.xcassets */; };
		3FAC29DE1C813D7B00CCBD9D /* LaunchScreen.storyboard in Resources */ = {isa = PBXBuildFile; fileRef = 3FAC29DC1C813D7B00CCBD9D /* LaunchScreen.storyboard */; };
		3FAC29E91C813D7B00CCBD9D /* CarQueTests.m in Sources */ = {isa = PBXBuildFile; fileRef = 3FAC29E81C813D7B00CCBD9D /* CarQueTests.m */; };
		3FAC29F41C813D7B00CCBD9D /* CarQueUITests.m in Sources */ = {isa = PBXBuildFile; fileRef = 3FAC29F31C813D7B00CCBD9D /* CarQueUITests.m */; };
		3FAC2A2D1C813F2F00CCBD9D /* iconfont-dianzan.png in Resources */ = {isa = PBXBuildFile; fileRef = 3FAC2A131C813F2F00CCBD9D /* iconfont-dianzan.png */; };
		3FAC2A2E1C813F2F00CCBD9D /* iconfont-liaotian.png in Resources */ = {isa = PBXBuildFile; fileRef = 3FAC2A141C813F2F00CCBD9D /* iconfont-liaotian.png */; };
		3FAC2A2F1C813F2F00CCBD9D /* iconfont-dna.png in Resources */ = {isa = PBXBuildFile; fileRef = 3FAC2A161C813F2F00CCBD9D /* iconfont-dna.png */; };
		3FAC2A301C813F2F00CCBD9D /* iconfont-lajixiang.png in Resources */ = {isa = PBXBuildFile; fileRef = 3FAC2A171C813F2F00CCBD9D /* iconfont-lajixiang.png */; };
		3FAC2A311C813F2F00CCBD9D /* iconfont-quedingwode.png in Resources */ = {isa = PBXBuildFile; fileRef = 3FAC2A181C813F2F00CCBD9D /* iconfont-quedingwode.png */; };
		3FAC2A321C813F2F00CCBD9D /* iconfont-shezhi.png in Resources */ = {isa = PBXBuildFile; fileRef = 3FAC2A191C813F2F00CCBD9D /* iconfont-shezhi.png */; };
		3FAC2A331C813F2F00CCBD9D /* iconfont-shizhong.png in Resources */ = {isa = PBXBuildFile; fileRef = 3FAC2A1A1C813F2F00CCBD9D /* iconfont-shizhong.png */; };
		3FAC2A341C813F2F00CCBD9D /* iconfont-shoucang.png in Resources */ = {isa = PBXBuildFile; fileRef = 3FAC2A1B1C813F2F00CCBD9D /* iconfont-shoucang.png */; };
		3FAC2A351C813F2F00CCBD9D /* iconfont-wujiaoxing.png in Resources */ = {isa = PBXBuildFile; fileRef = 3FAC2A1C1C813F2F00CCBD9D /* iconfont-wujiaoxing.png */; };
		3FAC2A361C813F2F00CCBD9D /* iconfont-xiazai.png in Resources */ = {isa = PBXBuildFile; fileRef = 3FAC2A1D1C813F2F00CCBD9D /* iconfont-xiazai.png */; };
		3FAC2A371C813F2F00CCBD9D /* iconfont-xinwen.png in Resources */ = {isa = PBXBuildFile; fileRef = 3FAC2A1E1C813F2F00CCBD9D /* iconfont-xinwen.png */; };
		3FAC2A381C813F2F00CCBD9D /* iconfont-8.png in Resources */ = {isa = PBXBuildFile; fileRef = 3FAC2A201C813F2F00CCBD9D /* iconfont-8.png */; };
		3FAC2A391C813F2F00CCBD9D /* iconfont-paixing.png in Resources */ = {isa = PBXBuildFile; fileRef = 3FAC2A211C813F2F00CCBD9D /* iconfont-paixing.png */; };
		3FAC2A3A1C813F2F00CCBD9D /* iconfont-qiche-copy.png in Resources */ = {isa = PBXBuildFile; fileRef = 3FAC2A221C813F2F00CCBD9D /* iconfont-qiche-copy.png */; };
		3FAC2A3B1C813F2F00CCBD9D /* iconfont-qichebaoyang.png in Resources */ = {isa = PBXBuildFile; fileRef = 3FAC2A231C813F2F00CCBD9D /* iconfont-qichebaoyang.png */; };
		3FAC2A3C1C813F2F00CCBD9D /* iconfont-shoucang.png in Resources */ = {isa = PBXBuildFile; fileRef = 3FAC2A241C813F2F00CCBD9D /* iconfont-shoucang.png */; };
		3FAC2A3D1C813F2F00CCBD9D /*  seach.png in Resources */ = {isa = PBXBuildFile; fileRef = 3FAC2A261C813F2F00CCBD9D /*  seach.png */; };
		3FAC2A3E1C813F2F00CCBD9D /* iconfont-sousuo.png in Resources */ = {isa = PBXBuildFile; fileRef = 3FAC2A271C813F2F00CCBD9D /* iconfont-sousuo.png */; };
		3FAC2A481C81420200CCBD9D /* CQForumVC.m in Sources */ = {isa = PBXBuildFile; fileRef = 3FAC2A471C81420200CCBD9D /* CQForumVC.m */; };
		3FAC2A511C81427800CCBD9D /* CQProfileVC.m in Sources */ = {isa = PBXBuildFile; fileRef = 3FAC2A501C81427800CCBD9D /* CQProfileVC.m */; };
		3FF196221C81571800C40890 /* RootTabBarViewController.m in Sources */ = {isa = PBXBuildFile; fileRef = 3FF196211C81571800C40890 /* RootTabBarViewController.m */; };
		3FF196311C81706E00C40890 /* liaotian.png in Resources */ = {isa = PBXBuildFile; fileRef = 3FF1962D1C81706E00C40890 /* liaotian.png */; };
		3FF196321C81706E00C40890 /* news.png in Resources */ = {isa = PBXBuildFile; fileRef = 3FF1962E1C81706E00C40890 /* news.png */; };
		3FF196331C81706E00C40890 /* sousuo.png in Resources */ = {isa = PBXBuildFile; fileRef = 3FF1962F1C81706E00C40890 /* sousuo.png */; };
		3FF196341C81706E00C40890 /* wode.png in Resources */ = {isa = PBXBuildFile; fileRef = 3FF196301C81706E00C40890 /* wode.png */; };
		B1D80AA51C85D6AE0069B391 /* CQNewsVC.m in Sources */ = {isa = PBXBuildFile; fileRef = B1D80A9D1C85D6AE0069B391 /* CQNewsVC.m */; };
		B1D80AA61C85D6AE0069B391 /* CQPictureVC.m in Sources */ = {isa = PBXBuildFile; fileRef = B1D80A9F1C85D6AE0069B391 /* CQPictureVC.m */; };
		B1D80AA71C85D6AE0069B391 /* CQShoppingVC.m in Sources */ = {isa = PBXBuildFile; fileRef = B1D80AA11C85D6AE0069B391 /* CQShoppingVC.m */; };
		B1D80AA81C85D6AE0069B391 /* CQVideoVC.m in Sources */ = {isa = PBXBuildFile; fileRef = B1D80AA31C85D6AE0069B391 /* CQVideoVC.m */; };
		B1D80AB61C85D6D40069B391 /* CQNewLoopView.m in Sources */ = {isa = PBXBuildFile; fileRef = B1D80AAA1C85D6D40069B391 /* CQNewLoopView.m */; };
		B1D80AB71C85D6D40069B391 /* CQNewsVCCell.m in Sources */ = {isa = PBXBuildFile; fileRef = B1D80AAC1C85D6D40069B391 /* CQNewsVCCell.m */; };
		B1D80AB81C85D6D40069B391 /* CQNewsVCCell.xib in Resources */ = {isa = PBXBuildFile; fileRef = B1D80AAD1C85D6D40069B391 /* CQNewsVCCell.xib */; };
		B1D80AB91C85D6D40069B391 /* CQPictureViewCell.m in Sources */ = {isa = PBXBuildFile; fileRef = B1D80AAF1C85D6D40069B391 /* CQPictureViewCell.m */; };
		B1D80ABA1C85D6D40069B391 /* CQPictureViewCell.xib in Resources */ = {isa = PBXBuildFile; fileRef = B1D80AB01C85D6D40069B391 /* CQPictureViewCell.xib */; };
		B1D80ABB1C85D6D40069B391 /* CQShoppingViewCell.m in Sources */ = {isa = PBXBuildFile; fileRef = B1D80AB21C85D6D40069B391 /* CQShoppingViewCell.m */; };
		B1D80ABC1C85D6D40069B391 /* CQShoppingViewCell.xib in Resources */ = {isa = PBXBuildFile; fileRef = B1D80AB31C85D6D40069B391 /* CQShoppingViewCell.xib */; };
		B1D80ABD1C85D6D40069B391 /* CQVideoViewCell.m in Sources */ = {isa = PBXBuildFile; fileRef = B1D80AB51C85D6D40069B391 /* CQVideoViewCell.m */; };
		B1D818F61C85DCE10069B391 /* CQNewMainVC.m in Sources */ = {isa = PBXBuildFile; fileRef = B1D818EF1C85DCE10069B391 /* CQNewMainVC.m */; };
		B1D818F71C85DCE10069B391 /* load1.png in Resources */ = {isa = PBXBuildFile; fileRef = B1D818F01C85DCE10069B391 /* load1.png */; };
		B1D818F81C85DCE10069B391 /* load2.png in Resources */ = {isa = PBXBuildFile; fileRef = B1D818F11C85DCE10069B391 /* load2.png */; };
		B1D818F91C85DCE10069B391 /* load3.png in Resources */ = {isa = PBXBuildFile; fileRef = B1D818F21C85DCE10069B391 /* load3.png */; };
		B1D818FA1C85DCE10069B391 /* load_carousel@3x.png in Resources */ = {isa = PBXBuildFile; fileRef = B1D818F31C85DCE10069B391 /* load_carousel@3x.png */; };
		B1D818FB1C85DCE10069B391 /* YCSlideView.m in Sources */ = {isa = PBXBuildFile; fileRef = B1D818F51C85DCE10069B391 /* YCSlideView.m */; };
/* End PBXBuildFile section */

/* Begin PBXContainerItemProxy section */
		3FAC29E51C813D7B00CCBD9D /* PBXContainerItemProxy */ = {
			isa = PBXContainerItemProxy;
			containerPortal = 3FAC29C31C813D7B00CCBD9D /* Project object */;
			proxyType = 1;
			remoteGlobalIDString = 3FAC29CA1C813D7B00CCBD9D;
			remoteInfo = CarQue;
		};
		3FAC29F01C813D7B00CCBD9D /* PBXContainerItemProxy */ = {
			isa = PBXContainerItemProxy;
			containerPortal = 3FAC29C31C813D7B00CCBD9D /* Project object */;
			proxyType = 1;
			remoteGlobalIDString = 3FAC29CA1C813D7B00CCBD9D;
			remoteInfo = CarQue;
		};
/* End PBXContainerItemProxy section */

/* Begin PBXFileReference section */
		3501A3E91C85B3C100C6371E /* CQHotListCell.h */ = {isa = PBXFileReference; fileEncoding = 4; lastKnownFileType = sourcecode.c.h; path = CQHotListCell.h; sourceTree = "<group>"; };
		3501A3EA1C85B3C100C6371E /* CQHotListCell.m */ = {isa = PBXFileReference; fileEncoding = 4; lastKnownFileType = sourcecode.c.objc; path = CQHotListCell.m; sourceTree = "<group>"; };
		3501A3EB1C85B3C100C6371E /* CQHotListCell.xib */ = {isa = PBXFileReference; fileEncoding = 4; lastKnownFileType = file.xib; path = CQHotListCell.xib; sourceTree = "<group>"; };
		3507D12B1C853EF40065240D /* CQFindCarLogoListModel.h */ = {isa = PBXFileReference; fileEncoding = 4; lastKnownFileType = sourcecode.c.h; path = CQFindCarLogoListModel.h; sourceTree = "<group>"; };
		3507D12C1C853EF40065240D /* CQFindCarLogoListModel.m */ = {isa = PBXFileReference; fileEncoding = 4; lastKnownFileType = sourcecode.c.objc; path = CQFindCarLogoListModel.m; sourceTree = "<group>"; };
		3507D12D1C853EF40065240D /* DetailsForCarModel.h */ = {isa = PBXFileReference; fileEncoding = 4; lastKnownFileType = sourcecode.c.h; path = DetailsForCarModel.h; sourceTree = "<group>"; };
		3507D12E1C853EF40065240D /* DetailsForCarModel.m */ = {isa = PBXFileReference; fileEncoding = 4; lastKnownFileType = sourcecode.c.objc; path = DetailsForCarModel.m; sourceTree = "<group>"; };
		3507D12F1C853EF40065240D /* OneBrandListModel.h */ = {isa = PBXFileReference; fileEncoding = 4; lastKnownFileType = sourcecode.c.h; path = OneBrandListModel.h; sourceTree = "<group>"; };
		3507D1301C853EF40065240D /* OneBrandListModel.m */ = {isa = PBXFileReference; fileEncoding = 4; lastKnownFileType = sourcecode.c.objc; path = OneBrandListModel.m; sourceTree = "<group>"; };
		3507D1311C853EF40065240D /* OneKindListModel.h */ = {isa = PBXFileReference; fileEncoding = 4; lastKnownFileType = sourcecode.c.h; path = OneKindListModel.h; sourceTree = "<group>"; };
		3507D1321C853EF40065240D /* OneKindListModel.m */ = {isa = PBXFileReference; fileEncoding = 4; lastKnownFileType = sourcecode.c.objc; path = OneKindListModel.m; sourceTree = "<group>"; };
		3507D1341C853EF40065240D /* AllBrandListTableCollectionVC.h */ = {isa = PBXFileReference; fileEncoding = 4; lastKnownFileType = sourcecode.c.h; path = AllBrandListTableCollectionVC.h; sourceTree = "<group>"; };
		3507D1351C853EF40065240D /* AllBrandListTableCollectionVC.m */ = {isa = PBXFileReference; fileEncoding = 4; lastKnownFileType = sourcecode.c.objc; path = AllBrandListTableCollectionVC.m; sourceTree = "<group>"; };
		3507D1361C853EF40065240D /* AllBrandListTableCollectionVC.xib */ = {isa = PBXFileReference; fileEncoding = 4; lastKnownFileType = file.xib; path = AllBrandListTableCollectionVC.xib; sourceTree = "<group>"; };
		3507D1381C853EF40065240D /* DetailsForCarTableVC.h */ = {isa = PBXFileReference; fileEncoding = 4; lastKnownFileType = sourcecode.c.h; path = DetailsForCarTableVC.h; sourceTree = "<group>"; };
		3507D1391C853EF40065240D /* DetailsForCarTableVC.m */ = {isa = PBXFileReference; fileEncoding = 4; lastKnownFileType = sourcecode.c.objc; path = DetailsForCarTableVC.m; sourceTree = "<group>"; };
		3507D13A1C853EF40065240D /* DetailsForCarTableVC.xib */ = {isa = PBXFileReference; fileEncoding = 4; lastKnownFileType = file.xib; path = DetailsForCarTableVC.xib; sourceTree = "<group>"; };
		3507D13B1C853EF40065240D /* OneBrandListTableVC.h */ = {isa = PBXFileReference; fileEncoding = 4; lastKnownFileType = sourcecode.c.h; path = OneBrandListTableVC.h; sourceTree = "<group>"; };
		3507D13C1C853EF40065240D /* OneBrandListTableVC.m */ = {isa = PBXFileReference; fileEncoding = 4; lastKnownFileType = sourcecode.c.objc; path = OneBrandListTableVC.m; sourceTree = "<group>"; };
		3507D13D1C853EF40065240D /* OneBrandListTableVC.xib */ = {isa = PBXFileReference; fileEncoding = 4; lastKnownFileType = file.xib; path = OneBrandListTableVC.xib; sourceTree = "<group>"; };
		3507D13E1C853EF40065240D /* OneKindListTableVC.h */ = {isa = PBXFileReference; fileEncoding = 4; lastKnownFileType = sourcecode.c.h; path = OneKindListTableVC.h; sourceTree = "<group>"; };
		3507D13F1C853EF40065240D /* OneKindListTableVC.m */ = {isa = PBXFileReference; fileEncoding = 4; lastKnownFileType = sourcecode.c.objc; path = OneKindListTableVC.m; sourceTree = "<group>"; };
		3507D1401C853EF40065240D /* OneKindListTableVC.xib */ = {isa = PBXFileReference; fileEncoding = 4; lastKnownFileType = file.xib; path = OneKindListTableVC.xib; sourceTree = "<group>"; };
		3507D1421C853EF40065240D /* CQFindCarLogoCollectionTableViewCell.h */ = {isa = PBXFileReference; fileEncoding = 4; lastKnownFileType = sourcecode.c.h; path = CQFindCarLogoCollectionTableViewCell.h; sourceTree = "<group>"; };
		3507D1431C853EF40065240D /* CQFindCarLogoCollectionTableViewCell.m */ = {isa = PBXFileReference; fileEncoding = 4; lastKnownFileType = sourcecode.c.objc; path = CQFindCarLogoCollectionTableViewCell.m; sourceTree = "<group>"; };
		3507D1441C853EF40065240D /* CQFindCarLogoCollectionTableViewCell.xib */ = {isa = PBXFileReference; fileEncoding = 4; lastKnownFileType = file.xib; path = CQFindCarLogoCollectionTableViewCell.xib; sourceTree = "<group>"; };
		3507D1451C853EF40065240D /* CQFindCarLogoListTableViewCell.h */ = {isa = PBXFileReference; fileEncoding = 4; lastKnownFileType = sourcecode.c.h; path = CQFindCarLogoListTableViewCell.h; sourceTree = "<group>"; };
		3507D1461C853EF40065240D /* CQFindCarLogoListTableViewCell.m */ = {isa = PBXFileReference; fileEncoding = 4; lastKnownFileType = sourcecode.c.objc; path = CQFindCarLogoListTableViewCell.m; sourceTree = "<group>"; };
		3507D1471C853EF40065240D /* CQFindCarLogoListTableViewCell.xib */ = {isa = PBXFileReference; fileEncoding = 4; lastKnownFileType = file.xib; path = CQFindCarLogoListTableViewCell.xib; sourceTree = "<group>"; };
		3507D1481C853EF40065240D /* DetailsForCarTableViewCell.h */ = {isa = PBXFileReference; fileEncoding = 4; lastKnownFileType = sourcecode.c.h; path = DetailsForCarTableViewCell.h; sourceTree = "<group>"; };
		3507D1491C853EF40065240D /* DetailsForCarTableViewCell.m */ = {isa = PBXFileReference; fileEncoding = 4; lastKnownFileType = sourcecode.c.objc; path = DetailsForCarTableViewCell.m; sourceTree = "<group>"; };
		3507D14A1C853EF40065240D /* DetailsForCarTableViewCell.xib */ = {isa = PBXFileReference; fileEncoding = 4; lastKnownFileType = file.xib; path = DetailsForCarTableViewCell.xib; sourceTree = "<group>"; };
		3507D14B1C853EF40065240D /* OneBrandListTableViewCell.h */ = {isa = PBXFileReference; fileEncoding = 4; lastKnownFileType = sourcecode.c.h; path = OneBrandListTableViewCell.h; sourceTree = "<group>"; };
		3507D14C1C853EF40065240D /* OneBrandListTableViewCell.m */ = {isa = PBXFileReference; fileEncoding = 4; lastKnownFileType = sourcecode.c.objc; path = OneBrandListTableViewCell.m; sourceTree = "<group>"; };
		3507D14D1C853EF40065240D /* OneBrandListTableViewCell.xib */ = {isa = PBXFileReference; fileEncoding = 4; lastKnownFileType = file.xib; path = OneBrandListTableViewCell.xib; sourceTree = "<group>"; };
		3507D14E1C853EF40065240D /* OneKindListTableViewCell.h */ = {isa = PBXFileReference; fileEncoding = 4; lastKnownFileType = sourcecode.c.h; path = OneKindListTableViewCell.h; sourceTree = "<group>"; };
		3507D14F1C853EF40065240D /* OneKindListTableViewCell.m */ = {isa = PBXFileReference; fileEncoding = 4; lastKnownFileType = sourcecode.c.objc; path = OneKindListTableViewCell.m; sourceTree = "<group>"; };
		3507D1501C853EF40065240D /* OneKindListTableViewCell.xib */ = {isa = PBXFileReference; fileEncoding = 4; lastKnownFileType = file.xib; path = OneKindListTableViewCell.xib; sourceTree = "<group>"; };
		357FF8151C8578AB0059E503 /* CQHotlist.h */ = {isa = PBXFileReference; fileEncoding = 4; lastKnownFileType = sourcecode.c.h; path = CQHotlist.h; sourceTree = "<group>"; };
		357FF8161C8578AB0059E503 /* CQHotlist.m */ = {isa = PBXFileReference; fileEncoding = 4; lastKnownFileType = sourcecode.c.objc; path = CQHotlist.m; sourceTree = "<group>"; };
		357FF8191C8578AB0059E503 /* CQNewlist.h */ = {isa = PBXFileReference; fileEncoding = 4; lastKnownFileType = sourcecode.c.h; path = CQNewlist.h; sourceTree = "<group>"; };
		357FF81A1C8578AB0059E503 /* CQNewlist.m */ = {isa = PBXFileReference; fileEncoding = 4; lastKnownFileType = sourcecode.c.objc; path = CQNewlist.m; sourceTree = "<group>"; };
		357FF8241C858F990059E503 /* WMFooldView.h */ = {isa = PBXFileReference; fileEncoding = 4; lastKnownFileType = sourcecode.c.h; path = WMFooldView.h; sourceTree = "<group>"; };
		357FF8251C858F990059E503 /* WMFooldView.m */ = {isa = PBXFileReference; fileEncoding = 4; lastKnownFileType = sourcecode.c.objc; path = WMFooldView.m; sourceTree = "<group>"; };
		357FF8261C858F990059E503 /* WMMenuItem.h */ = {isa = PBXFileReference; fileEncoding = 4; lastKnownFileType = sourcecode.c.h; path = WMMenuItem.h; sourceTree = "<group>"; };
		357FF8271C858F990059E503 /* WMMenuItem.m */ = {isa = PBXFileReference; fileEncoding = 4; lastKnownFileType = sourcecode.c.objc; path = WMMenuItem.m; sourceTree = "<group>"; };
		357FF8281C858F990059E503 /* WMMenuView.h */ = {isa = PBXFileReference; fileEncoding = 4; lastKnownFileType = sourcecode.c.h; path = WMMenuView.h; sourceTree = "<group>"; };
		357FF8291C858F990059E503 /* WMMenuView.m */ = {isa = PBXFileReference; fileEncoding = 4; lastKnownFileType = sourcecode.c.objc; path = WMMenuView.m; sourceTree = "<group>"; };
		357FF82A1C858F990059E503 /* WMProgressView.h */ = {isa = PBXFileReference; fileEncoding = 4; lastKnownFileType = sourcecode.c.h; path = WMProgressView.h; sourceTree = "<group>"; };
		357FF82B1C858F990059E503 /* WMProgressView.m */ = {isa = PBXFileReference; fileEncoding = 4; lastKnownFileType = sourcecode.c.objc; path = WMProgressView.m; sourceTree = "<group>"; };
		357FF82C1C858F990059E503 /* WMScrollView.h */ = {isa = PBXFileReference; fileEncoding = 4; lastKnownFileType = sourcecode.c.h; path = WMScrollView.h; sourceTree = "<group>"; };
		357FF82D1C858F990059E503 /* WMScrollView.m */ = {isa = PBXFileReference; fileEncoding = 4; lastKnownFileType = sourcecode.c.objc; path = WMScrollView.m; sourceTree = "<group>"; };
		357FF82E1C858F990059E503 /* WMPageConst.h */ = {isa = PBXFileReference; fileEncoding = 4; lastKnownFileType = sourcecode.c.h; path = WMPageConst.h; sourceTree = "<group>"; };
		357FF82F1C858F990059E503 /* WMPageController.h */ = {isa = PBXFileReference; fileEncoding = 4; lastKnownFileType = sourcecode.c.h; path = WMPageController.h; sourceTree = "<group>"; };
		357FF8301C858F990059E503 /* WMPageController.m */ = {isa = PBXFileReference; fileEncoding = 4; lastKnownFileType = sourcecode.c.objc; path = WMPageController.m; sourceTree = "<group>"; };
		357FF8371C8590E40059E503 /* CQForumMainPageC.h */ = {isa = PBXFileReference; fileEncoding = 4; lastKnownFileType = sourcecode.c.h; path = CQForumMainPageC.h; sourceTree = "<group>"; };
		357FF8381C8590E40059E503 /* CQForumMainPageC.m */ = {isa = PBXFileReference; fileEncoding = 4; lastKnownFileType = sourcecode.c.objc; path = CQForumMainPageC.m; sourceTree = "<group>"; };
		358A26A71C8545780088C0A9 /* PrefixHeader.pch */ = {isa = PBXFileReference; fileEncoding = 4; lastKnownFileType = sourcecode.c.h; path = PrefixHeader.pch; sourceTree = "<group>"; };
		35AF753B1C846B000018B5E4 /* CQQuestionSortVC.h */ = {isa = PBXFileReference; fileEncoding = 4; lastKnownFileType = sourcecode.c.h; path = CQQuestionSortVC.h; sourceTree = "<group>"; };
		35AF753C1C846B000018B5E4 /* CQQuestionSortVC.m */ = {isa = PBXFileReference; fileEncoding = 4; lastKnownFileType = sourcecode.c.objc; path = CQQuestionSortVC.m; sourceTree = "<group>"; };
		35AF75411C846D600018B5E4 /* CQHotDetailModel.h */ = {isa = PBXFileReference; fileEncoding = 4; lastKnownFileType = sourcecode.c.h; path = CQHotDetailModel.h; sourceTree = "<group>"; };
		35AF75421C846D600018B5E4 /* CQHotDetailModel.m */ = {isa = PBXFileReference; fileEncoding = 4; lastKnownFileType = sourcecode.c.objc; path = CQHotDetailModel.m; sourceTree = "<group>"; };
		35AF75481C8470010018B5E4 /* CQWebViewController.h */ = {isa = PBXFileReference; fileEncoding = 4; lastKnownFileType = sourcecode.c.h; path = CQWebViewController.h; sourceTree = "<group>"; };
		35AF75491C8470010018B5E4 /* CQWebViewController.m */ = {isa = PBXFileReference; fileEncoding = 4; lastKnownFileType = sourcecode.c.objc; path = CQWebViewController.m; sourceTree = "<group>"; };
		35AF754B1C8475030018B5E4 /* CQQuestionSortListModel.h */ = {isa = PBXFileReference; fileEncoding = 4; lastKnownFileType = sourcecode.c.h; path = CQQuestionSortListModel.h; sourceTree = "<group>"; };
		35AF754C1C8475030018B5E4 /* CQQuestionSortListModel.m */ = {isa = PBXFileReference; fileEncoding = 4; lastKnownFileType = sourcecode.c.objc; path = CQQuestionSortListModel.m; sourceTree = "<group>"; };
		35AF754E1C8477A20018B5E4 /* CQQeustionSortDetailModel.h */ = {isa = PBXFileReference; fileEncoding = 4; lastKnownFileType = sourcecode.c.h; path = CQQeustionSortDetailModel.h; sourceTree = "<group>"; };
		35AF754F1C8477A20018B5E4 /* CQQeustionSortDetailModel.m */ = {isa = PBXFileReference; fileEncoding = 4; lastKnownFileType = sourcecode.c.objc; path = CQQeustionSortDetailModel.m; sourceTree = "<group>"; };
		35AF75541C8478B40018B5E4 /* CQQuestionSortListView.h */ = {isa = PBXFileReference; fileEncoding = 4; lastKnownFileType = sourcecode.c.h; path = CQQuestionSortListView.h; sourceTree = "<group>"; };
		35AF75551C8478B40018B5E4 /* CQQuestionSortListView.m */ = {isa = PBXFileReference; fileEncoding = 4; lastKnownFileType = sourcecode.c.objc; path = CQQuestionSortListView.m; sourceTree = "<group>"; };
		3F01E27C1C8546B500F471CD /* DownLoad.h */ = {isa = PBXFileReference; fileEncoding = 4; lastKnownFileType = sourcecode.c.h; path = DownLoad.h; sourceTree = "<group>"; };
		3F01E27D1C8546B500F471CD /* DownLoad.m */ = {isa = PBXFileReference; fileEncoding = 4; lastKnownFileType = sourcecode.c.objc; path = DownLoad.m; sourceTree = "<group>"; };
		3F01E2841C8554B800F471CD /* CQFindCarVC.h */ = {isa = PBXFileReference; fileEncoding = 4; lastKnownFileType = sourcecode.c.h; path = CQFindCarVC.h; sourceTree = "<group>"; };
		3F01E2851C8554B800F471CD /* CQFindCarVC.m */ = {isa = PBXFileReference; fileEncoding = 4; lastKnownFileType = sourcecode.c.objc; path = CQFindCarVC.m; sourceTree = "<group>"; };
		3F01E2861C8554B800F471CD /* CQFindCarVC.xib */ = {isa = PBXFileReference; fileEncoding = 4; lastKnownFileType = file.xib; path = CQFindCarVC.xib; sourceTree = "<group>"; };
		3F600BB31C81A10D00CC9140 /* CarQueAPI.h */ = {isa = PBXFileReference; fileEncoding = 4; lastKnownFileType = sourcecode.c.h; path = CarQueAPI.h; sourceTree = "<group>"; };
		3FAC29CB1C813D7B00CCBD9D /* CarQue.app */ = {isa = PBXFileReference; explicitFileType = wrapper.application; includeInIndex = 0; path = CarQue.app; sourceTree = BUILT_PRODUCTS_DIR; };
		3FAC29CF1C813D7B00CCBD9D /* main.m */ = {isa = PBXFileReference; lastKnownFileType = sourcecode.c.objc; path = main.m; sourceTree = "<group>"; };
		3FAC29D11C813D7B00CCBD9D /* AppDelegate.h */ = {isa = PBXFileReference; lastKnownFileType = sourcecode.c.h; name = AppDelegate.h; path = ../AppDelegate.h; sourceTree = "<group>"; };
		3FAC29D21C813D7B00CCBD9D /* AppDelegate.m */ = {isa = PBXFileReference; lastKnownFileType = sourcecode.c.objc; name = AppDelegate.m; path = ../AppDelegate.m; sourceTree = "<group>"; };
		3FAC29D41C813D7B00CCBD9D /* ViewController.h */ = {isa = PBXFileReference; lastKnownFileType = sourcecode.c.h; name = ViewController.h; path = ../ViewController.h; sourceTree = "<group>"; };
		3FAC29D51C813D7B00CCBD9D /* ViewController.m */ = {isa = PBXFileReference; lastKnownFileType = sourcecode.c.objc; name = ViewController.m; path = ../ViewController.m; sourceTree = "<group>"; };
		3FAC29D81C813D7B00CCBD9D /* Base */ = {isa = PBXFileReference; lastKnownFileType = file.storyboard; name = Base; path = Base.lproj/Main.storyboard; sourceTree = "<group>"; };
		3FAC29DA1C813D7B00CCBD9D /* Assets.xcassets */ = {isa = PBXFileReference; lastKnownFileType = folder.assetcatalog; name = Assets.xcassets; path = ../Assets.xcassets; sourceTree = "<group>"; };
		3FAC29DD1C813D7B00CCBD9D /* Base */ = {isa = PBXFileReference; lastKnownFileType = file.storyboard; name = Base; path = Base.lproj/LaunchScreen.storyboard; sourceTree = "<group>"; };
		3FAC29DF1C813D7B00CCBD9D /* Info.plist */ = {isa = PBXFileReference; lastKnownFileType = text.plist.xml; path = Info.plist; sourceTree = "<group>"; };
		3FAC29E41C813D7B00CCBD9D /* CarQueTests.xctest */ = {isa = PBXFileReference; explicitFileType = wrapper.cfbundle; includeInIndex = 0; path = CarQueTests.xctest; sourceTree = BUILT_PRODUCTS_DIR; };
		3FAC29E81C813D7B00CCBD9D /* CarQueTests.m */ = {isa = PBXFileReference; lastKnownFileType = sourcecode.c.objc; path = CarQueTests.m; sourceTree = "<group>"; };
		3FAC29EA1C813D7B00CCBD9D /* Info.plist */ = {isa = PBXFileReference; lastKnownFileType = text.plist.xml; path = Info.plist; sourceTree = "<group>"; };
		3FAC29EF1C813D7B00CCBD9D /* CarQueUITests.xctest */ = {isa = PBXFileReference; explicitFileType = wrapper.cfbundle; includeInIndex = 0; path = CarQueUITests.xctest; sourceTree = BUILT_PRODUCTS_DIR; };
		3FAC29F31C813D7B00CCBD9D /* CarQueUITests.m */ = {isa = PBXFileReference; lastKnownFileType = sourcecode.c.objc; path = CarQueUITests.m; sourceTree = "<group>"; };
		3FAC29F51C813D7B00CCBD9D /* Info.plist */ = {isa = PBXFileReference; lastKnownFileType = text.plist.xml; path = Info.plist; sourceTree = "<group>"; };
		3FAC2A131C813F2F00CCBD9D /* iconfont-dianzan.png */ = {isa = PBXFileReference; lastKnownFileType = image.png; path = "iconfont-dianzan.png"; sourceTree = "<group>"; };
		3FAC2A141C813F2F00CCBD9D /* iconfont-liaotian.png */ = {isa = PBXFileReference; lastKnownFileType = image.png; path = "iconfont-liaotian.png"; sourceTree = "<group>"; };
		3FAC2A161C813F2F00CCBD9D /* iconfont-dna.png */ = {isa = PBXFileReference; lastKnownFileType = image.png; path = "iconfont-dna.png"; sourceTree = "<group>"; };
		3FAC2A171C813F2F00CCBD9D /* iconfont-lajixiang.png */ = {isa = PBXFileReference; lastKnownFileType = image.png; path = "iconfont-lajixiang.png"; sourceTree = "<group>"; };
		3FAC2A181C813F2F00CCBD9D /* iconfont-quedingwode.png */ = {isa = PBXFileReference; lastKnownFileType = image.png; path = "iconfont-quedingwode.png"; sourceTree = "<group>"; };
		3FAC2A191C813F2F00CCBD9D /* iconfont-shezhi.png */ = {isa = PBXFileReference; lastKnownFileType = image.png; path = "iconfont-shezhi.png"; sourceTree = "<group>"; };
		3FAC2A1A1C813F2F00CCBD9D /* iconfont-shizhong.png */ = {isa = PBXFileReference; lastKnownFileType = image.png; path = "iconfont-shizhong.png"; sourceTree = "<group>"; };
		3FAC2A1B1C813F2F00CCBD9D /* iconfont-shoucang.png */ = {isa = PBXFileReference; lastKnownFileType = image.png; path = "iconfont-shoucang.png"; sourceTree = "<group>"; };
		3FAC2A1C1C813F2F00CCBD9D /* iconfont-wujiaoxing.png */ = {isa = PBXFileReference; lastKnownFileType = image.png; path = "iconfont-wujiaoxing.png"; sourceTree = "<group>"; };
		3FAC2A1D1C813F2F00CCBD9D /* iconfont-xiazai.png */ = {isa = PBXFileReference; lastKnownFileType = image.png; path = "iconfont-xiazai.png"; sourceTree = "<group>"; };
		3FAC2A1E1C813F2F00CCBD9D /* iconfont-xinwen.png */ = {isa = PBXFileReference; lastKnownFileType = image.png; path = "iconfont-xinwen.png"; sourceTree = "<group>"; };
		3FAC2A201C813F2F00CCBD9D /* iconfont-8.png */ = {isa = PBXFileReference; lastKnownFileType = image.png; path = "iconfont-8.png"; sourceTree = "<group>"; };
		3FAC2A211C813F2F00CCBD9D /* iconfont-paixing.png */ = {isa = PBXFileReference; lastKnownFileType = image.png; path = "iconfont-paixing.png"; sourceTree = "<group>"; };
		3FAC2A221C813F2F00CCBD9D /* iconfont-qiche-copy.png */ = {isa = PBXFileReference; lastKnownFileType = image.png; path = "iconfont-qiche-copy.png"; sourceTree = "<group>"; };
		3FAC2A231C813F2F00CCBD9D /* iconfont-qichebaoyang.png */ = {isa = PBXFileReference; lastKnownFileType = image.png; path = "iconfont-qichebaoyang.png"; sourceTree = "<group>"; };
		3FAC2A241C813F2F00CCBD9D /* iconfont-shoucang.png */ = {isa = PBXFileReference; lastKnownFileType = image.png; path = "iconfont-shoucang.png"; sourceTree = "<group>"; };
		3FAC2A261C813F2F00CCBD9D /*  seach.png */ = {isa = PBXFileReference; lastKnownFileType = image.png; path = " seach.png"; sourceTree = "<group>"; };
		3FAC2A271C813F2F00CCBD9D /* iconfont-sousuo.png */ = {isa = PBXFileReference; lastKnownFileType = image.png; path = "iconfont-sousuo.png"; sourceTree = "<group>"; };
		3FAC2A461C81420200CCBD9D /* CQForumVC.h */ = {isa = PBXFileReference; fileEncoding = 4; lastKnownFileType = sourcecode.c.h; path = CQForumVC.h; sourceTree = "<group>"; };
		3FAC2A471C81420200CCBD9D /* CQForumVC.m */ = {isa = PBXFileReference; fileEncoding = 4; lastKnownFileType = sourcecode.c.objc; path = CQForumVC.m; sourceTree = "<group>"; };
		3FAC2A4F1C81427800CCBD9D /* CQProfileVC.h */ = {isa = PBXFileReference; fileEncoding = 4; lastKnownFileType = sourcecode.c.h; path = CQProfileVC.h; sourceTree = "<group>"; };
		3FAC2A501C81427800CCBD9D /* CQProfileVC.m */ = {isa = PBXFileReference; fileEncoding = 4; lastKnownFileType = sourcecode.c.objc; path = CQProfileVC.m; sourceTree = "<group>"; };
		3FF196201C81571800C40890 /* RootTabBarViewController.h */ = {isa = PBXFileReference; fileEncoding = 4; lastKnownFileType = sourcecode.c.h; path = RootTabBarViewController.h; sourceTree = "<group>"; };
		3FF196211C81571800C40890 /* RootTabBarViewController.m */ = {isa = PBXFileReference; fileEncoding = 4; lastKnownFileType = sourcecode.c.objc; path = RootTabBarViewController.m; sourceTree = "<group>"; };
		3FF1962D1C81706E00C40890 /* liaotian.png */ = {isa = PBXFileReference; lastKnownFileType = image.png; path = liaotian.png; sourceTree = "<group>"; };
		3FF1962E1C81706E00C40890 /* news.png */ = {isa = PBXFileReference; lastKnownFileType = image.png; path = news.png; sourceTree = "<group>"; };
		3FF1962F1C81706E00C40890 /* sousuo.png */ = {isa = PBXFileReference; lastKnownFileType = image.png; path = sousuo.png; sourceTree = "<group>"; };
		3FF196301C81706E00C40890 /* wode.png */ = {isa = PBXFileReference; lastKnownFileType = image.png; path = wode.png; sourceTree = "<group>"; };
		B1D80A9C1C85D6AE0069B391 /* CQNewsVC.h */ = {isa = PBXFileReference; fileEncoding = 4; lastKnownFileType = sourcecode.c.h; name = CQNewsVC.h; path = CarQue/News/VC/CQNewsVC.h; sourceTree = SOURCE_ROOT; };
		B1D80A9D1C85D6AE0069B391 /* CQNewsVC.m */ = {isa = PBXFileReference; fileEncoding = 4; lastKnownFileType = sourcecode.c.objc; name = CQNewsVC.m; path = CarQue/News/VC/CQNewsVC.m; sourceTree = SOURCE_ROOT; };
		B1D80A9E1C85D6AE0069B391 /* CQPictureVC.h */ = {isa = PBXFileReference; fileEncoding = 4; lastKnownFileType = sourcecode.c.h; name = CQPictureVC.h; path = CarQue/News/VC/CQPictureVC.h; sourceTree = SOURCE_ROOT; };
		B1D80A9F1C85D6AE0069B391 /* CQPictureVC.m */ = {isa = PBXFileReference; fileEncoding = 4; lastKnownFileType = sourcecode.c.objc; name = CQPictureVC.m; path = CarQue/News/VC/CQPictureVC.m; sourceTree = SOURCE_ROOT; };
		B1D80AA01C85D6AE0069B391 /* CQShoppingVC.h */ = {isa = PBXFileReference; fileEncoding = 4; lastKnownFileType = sourcecode.c.h; name = CQShoppingVC.h; path = CarQue/News/VC/CQShoppingVC.h; sourceTree = SOURCE_ROOT; };
		B1D80AA11C85D6AE0069B391 /* CQShoppingVC.m */ = {isa = PBXFileReference; fileEncoding = 4; lastKnownFileType = sourcecode.c.objc; name = CQShoppingVC.m; path = CarQue/News/VC/CQShoppingVC.m; sourceTree = SOURCE_ROOT; };
		B1D80AA21C85D6AE0069B391 /* CQVideoVC.h */ = {isa = PBXFileReference; fileEncoding = 4; lastKnownFileType = sourcecode.c.h; name = CQVideoVC.h; path = CarQue/News/VC/CQVideoVC.h; sourceTree = SOURCE_ROOT; };
		B1D80AA31C85D6AE0069B391 /* CQVideoVC.m */ = {isa = PBXFileReference; fileEncoding = 4; lastKnownFileType = sourcecode.c.objc; name = CQVideoVC.m; path = CarQue/News/VC/CQVideoVC.m; sourceTree = SOURCE_ROOT; };
		B1D80AA91C85D6D40069B391 /* CQNewLoopView.h */ = {isa = PBXFileReference; fileEncoding = 4; lastKnownFileType = sourcecode.c.h; name = CQNewLoopView.h; path = CarQue/News/View/CQNewLoopView.h; sourceTree = SOURCE_ROOT; };
		B1D80AAA1C85D6D40069B391 /* CQNewLoopView.m */ = {isa = PBXFileReference; fileEncoding = 4; lastKnownFileType = sourcecode.c.objc; name = CQNewLoopView.m; path = CarQue/News/View/CQNewLoopView.m; sourceTree = SOURCE_ROOT; };
		B1D80AAB1C85D6D40069B391 /* CQNewsVCCell.h */ = {isa = PBXFileReference; fileEncoding = 4; lastKnownFileType = sourcecode.c.h; name = CQNewsVCCell.h; path = CarQue/News/View/CQNewsVCCell.h; sourceTree = SOURCE_ROOT; };
		B1D80AAC1C85D6D40069B391 /* CQNewsVCCell.m */ = {isa = PBXFileReference; fileEncoding = 4; lastKnownFileType = sourcecode.c.objc; name = CQNewsVCCell.m; path = CarQue/News/View/CQNewsVCCell.m; sourceTree = SOURCE_ROOT; };
		B1D80AAD1C85D6D40069B391 /* CQNewsVCCell.xib */ = {isa = PBXFileReference; fileEncoding = 4; lastKnownFileType = file.xib; name = CQNewsVCCell.xib; path = CarQue/News/View/CQNewsVCCell.xib; sourceTree = SOURCE_ROOT; };
		B1D80AAE1C85D6D40069B391 /* CQPictureViewCell.h */ = {isa = PBXFileReference; fileEncoding = 4; lastKnownFileType = sourcecode.c.h; name = CQPictureViewCell.h; path = CarQue/News/View/CQPictureViewCell.h; sourceTree = SOURCE_ROOT; };
		B1D80AAF1C85D6D40069B391 /* CQPictureViewCell.m */ = {isa = PBXFileReference; fileEncoding = 4; lastKnownFileType = sourcecode.c.objc; name = CQPictureViewCell.m; path = CarQue/News/View/CQPictureViewCell.m; sourceTree = SOURCE_ROOT; };
		B1D80AB01C85D6D40069B391 /* CQPictureViewCell.xib */ = {isa = PBXFileReference; fileEncoding = 4; lastKnownFileType = file.xib; name = CQPictureViewCell.xib; path = CarQue/News/View/CQPictureViewCell.xib; sourceTree = SOURCE_ROOT; };
		B1D80AB11C85D6D40069B391 /* CQShoppingViewCell.h */ = {isa = PBXFileReference; fileEncoding = 4; lastKnownFileType = sourcecode.c.h; name = CQShoppingViewCell.h; path = CarQue/News/View/CQShoppingViewCell.h; sourceTree = SOURCE_ROOT; };
		B1D80AB21C85D6D40069B391 /* CQShoppingViewCell.m */ = {isa = PBXFileReference; fileEncoding = 4; lastKnownFileType = sourcecode.c.objc; name = CQShoppingViewCell.m; path = CarQue/News/View/CQShoppingViewCell.m; sourceTree = SOURCE_ROOT; };
		B1D80AB31C85D6D40069B391 /* CQShoppingViewCell.xib */ = {isa = PBXFileReference; fileEncoding = 4; lastKnownFileType = file.xib; name = CQShoppingViewCell.xib; path = CarQue/News/View/CQShoppingViewCell.xib; sourceTree = SOURCE_ROOT; };
		B1D80AB41C85D6D40069B391 /* CQVideoViewCell.h */ = {isa = PBXFileReference; fileEncoding = 4; lastKnownFileType = sourcecode.c.h; name = CQVideoViewCell.h; path = CarQue/News/View/CQVideoViewCell.h; sourceTree = SOURCE_ROOT; };
		B1D80AB51C85D6D40069B391 /* CQVideoViewCell.m */ = {isa = PBXFileReference; fileEncoding = 4; lastKnownFileType = sourcecode.c.objc; name = CQVideoViewCell.m; path = CarQue/News/View/CQVideoViewCell.m; sourceTree = SOURCE_ROOT; };
		B1D818EE1C85DCE10069B391 /* CQNewMainVC.h */ = {isa = PBXFileReference; fileEncoding = 4; lastKnownFileType = sourcecode.c.h; path = CQNewMainVC.h; sourceTree = "<group>"; };
		B1D818EF1C85DCE10069B391 /* CQNewMainVC.m */ = {isa = PBXFileReference; fileEncoding = 4; lastKnownFileType = sourcecode.c.objc; path = CQNewMainVC.m; sourceTree = "<group>"; };
		B1D818F01C85DCE10069B391 /* load1.png */ = {isa = PBXFileReference; lastKnownFileType = image.png; path = load1.png; sourceTree = "<group>"; };
		B1D818F11C85DCE10069B391 /* load2.png */ = {isa = PBXFileReference; lastKnownFileType = image.png; path = load2.png; sourceTree = "<group>"; };
		B1D818F21C85DCE10069B391 /* load3.png */ = {isa = PBXFileReference; lastKnownFileType = image.png; path = load3.png; sourceTree = "<group>"; };
		B1D818F31C85DCE10069B391 /* load_carousel@3x.png */ = {isa = PBXFileReference; lastKnownFileType = image.png; path = "load_carousel@3x.png"; sourceTree = "<group>"; };
		B1D818F41C85DCE10069B391 /* YCSlideView.h */ = {isa = PBXFileReference; fileEncoding = 4; lastKnownFileType = sourcecode.c.h; path = YCSlideView.h; sourceTree = "<group>"; };
		B1D818F51C85DCE10069B391 /* YCSlideView.m */ = {isa = PBXFileReference; fileEncoding = 4; lastKnownFileType = sourcecode.c.objc; path = YCSlideView.m; sourceTree = "<group>"; };
/* End PBXFileReference section */

/* Begin PBXFrameworksBuildPhase section */
		3FAC29C81C813D7B00CCBD9D /* Frameworks */ = {
			isa = PBXFrameworksBuildPhase;
			buildActionMask = 2147483647;
			files = (
			);
			runOnlyForDeploymentPostprocessing = 0;
		};
		3FAC29E11C813D7B00CCBD9D /* Frameworks */ = {
			isa = PBXFrameworksBuildPhase;
			buildActionMask = 2147483647;
			files = (
			);
			runOnlyForDeploymentPostprocessing = 0;
		};
		3FAC29EC1C813D7B00CCBD9D /* Frameworks */ = {
			isa = PBXFrameworksBuildPhase;
			buildActionMask = 2147483647;
			files = (
			);
			runOnlyForDeploymentPostprocessing = 0;
		};
/* End PBXFrameworksBuildPhase section */

/* Begin PBXGroup section */
		3507D0F81C853EBF0065240D /* News */ = {
			isa = PBXGroup;
			children = (
				B1D8160D1C85D8490069B391 /* YCSlideView */,
				3507D0F91C853EBF0065240D /* Model */,
				3507D1021C853EBF0065240D /* VC */,
				3507D10B1C853EBF0065240D /* View */,
			);
			name = News;
			path = News/YCSlideView;
			sourceTree = "<group>";
		};
		3507D0F91C853EBF0065240D /* Model */ = {
			isa = PBXGroup;
			children = (
			);
			path = Model;
			sourceTree = "<group>";
		};
		3507D1021C853EBF0065240D /* VC */ = {
			isa = PBXGroup;
			children = (
				B1D818ED1C85DCE10069B391 /* YCSlideView */,
				B1D80A9C1C85D6AE0069B391 /* CQNewsVC.h */,
				B1D80A9D1C85D6AE0069B391 /* CQNewsVC.m */,
				B1D80A9E1C85D6AE0069B391 /* CQPictureVC.h */,
				B1D80A9F1C85D6AE0069B391 /* CQPictureVC.m */,
				B1D80AA01C85D6AE0069B391 /* CQShoppingVC.h */,
				B1D80AA11C85D6AE0069B391 /* CQShoppingVC.m */,
				B1D80AA21C85D6AE0069B391 /* CQVideoVC.h */,
				B1D80AA31C85D6AE0069B391 /* CQVideoVC.m */,
			);
			path = VC;
			sourceTree = "<group>";
		};
		3507D10B1C853EBF0065240D /* View */ = {
			isa = PBXGroup;
			children = (
				B1D80AA91C85D6D40069B391 /* CQNewLoopView.h */,
				B1D80AAA1C85D6D40069B391 /* CQNewLoopView.m */,
				B1D80AAB1C85D6D40069B391 /* CQNewsVCCell.h */,
				B1D80AAC1C85D6D40069B391 /* CQNewsVCCell.m */,
				B1D80AAD1C85D6D40069B391 /* CQNewsVCCell.xib */,
				B1D80AAE1C85D6D40069B391 /* CQPictureViewCell.h */,
				B1D80AAF1C85D6D40069B391 /* CQPictureViewCell.m */,
				B1D80AB01C85D6D40069B391 /* CQPictureViewCell.xib */,
				B1D80AB11C85D6D40069B391 /* CQShoppingViewCell.h */,
				B1D80AB21C85D6D40069B391 /* CQShoppingViewCell.m */,
				B1D80AB31C85D6D40069B391 /* CQShoppingViewCell.xib */,
				B1D80AB41C85D6D40069B391 /* CQVideoViewCell.h */,
				B1D80AB51C85D6D40069B391 /* CQVideoViewCell.m */,
			);
			path = View;
			sourceTree = "<group>";
		};
		3507D1291C853EF40065240D /* FindCar */ = {
			isa = PBXGroup;
			children = (
				3F01E27B1C85467900F471CD /* Tools */,
				3507D12A1C853EF40065240D /* Model */,
				3507D1331C853EF40065240D /* VC */,
				3507D1411C853EF40065240D /* View */,
			);
			path = FindCar;
			sourceTree = "<group>";
		};
		3507D12A1C853EF40065240D /* Model */ = {
			isa = PBXGroup;
			children = (
				3507D12B1C853EF40065240D /* CQFindCarLogoListModel.h */,
				3507D12C1C853EF40065240D /* CQFindCarLogoListModel.m */,
				3507D12D1C853EF40065240D /* DetailsForCarModel.h */,
				3507D12E1C853EF40065240D /* DetailsForCarModel.m */,
				3507D12F1C853EF40065240D /* OneBrandListModel.h */,
				3507D1301C853EF40065240D /* OneBrandListModel.m */,
				3507D1311C853EF40065240D /* OneKindListModel.h */,
				3507D1321C853EF40065240D /* OneKindListModel.m */,
			);
			path = Model;
			sourceTree = "<group>";
		};
		3507D1331C853EF40065240D /* VC */ = {
			isa = PBXGroup;
			children = (
				3507D1341C853EF40065240D /* AllBrandListTableCollectionVC.h */,
				3507D1351C853EF40065240D /* AllBrandListTableCollectionVC.m */,
				3507D1361C853EF40065240D /* AllBrandListTableCollectionVC.xib */,
				3F01E2841C8554B800F471CD /* CQFindCarVC.h */,
				3F01E2851C8554B800F471CD /* CQFindCarVC.m */,
				3F01E2861C8554B800F471CD /* CQFindCarVC.xib */,
				3507D13B1C853EF40065240D /* OneBrandListTableVC.h */,
				3507D13C1C853EF40065240D /* OneBrandListTableVC.m */,
				3507D13D1C853EF40065240D /* OneBrandListTableVC.xib */,
				3507D13E1C853EF40065240D /* OneKindListTableVC.h */,
				3507D13F1C853EF40065240D /* OneKindListTableVC.m */,
				3507D1401C853EF40065240D /* OneKindListTableVC.xib */,
				3507D1381C853EF40065240D /* DetailsForCarTableVC.h */,
				3507D1391C853EF40065240D /* DetailsForCarTableVC.m */,
				3507D13A1C853EF40065240D /* DetailsForCarTableVC.xib */,
			);
			path = VC;
			sourceTree = "<group>";
		};
		3507D1411C853EF40065240D /* View */ = {
			isa = PBXGroup;
			children = (
				3507D1421C853EF40065240D /* CQFindCarLogoCollectionTableViewCell.h */,
				3507D1431C853EF40065240D /* CQFindCarLogoCollectionTableViewCell.m */,
				3507D1441C853EF40065240D /* CQFindCarLogoCollectionTableViewCell.xib */,
				3507D1451C853EF40065240D /* CQFindCarLogoListTableViewCell.h */,
				3507D1461C853EF40065240D /* CQFindCarLogoListTableViewCell.m */,
				3507D1471C853EF40065240D /* CQFindCarLogoListTableViewCell.xib */,
				3507D14B1C853EF40065240D /* OneBrandListTableViewCell.h */,
				3507D14C1C853EF40065240D /* OneBrandListTableViewCell.m */,
				3507D14D1C853EF40065240D /* OneBrandListTableViewCell.xib */,
				3507D14E1C853EF40065240D /* OneKindListTableViewCell.h */,
				3507D14F1C853EF40065240D /* OneKindListTableViewCell.m */,
				3507D1501C853EF40065240D /* OneKindListTableViewCell.xib */,
				3507D1481C853EF40065240D /* DetailsForCarTableViewCell.h */,
				3507D1491C853EF40065240D /* DetailsForCarTableViewCell.m */,
				3507D14A1C853EF40065240D /* DetailsForCarTableViewCell.xib */,
			);
			path = View;
			sourceTree = "<group>";
		};
		357FF8131C856EE60059E503 /* Tools */ = {
			isa = PBXGroup;
			children = (
				357FF8221C858F990059E503 /* WMPageController */,
			);
			path = Tools;
			sourceTree = "<group>";
		};
		357FF8141C8577F90059E503 /* HotListModel */ = {
			isa = PBXGroup;
			children = (
				357FF8151C8578AB0059E503 /* CQHotlist.h */,
				357FF8161C8578AB0059E503 /* CQHotlist.m */,
				357FF8191C8578AB0059E503 /* CQNewlist.h */,
				357FF81A1C8578AB0059E503 /* CQNewlist.m */,
			);
			path = HotListModel;
			sourceTree = "<group>";
		};
		357FF8221C858F990059E503 /* WMPageController */ = {
			isa = PBXGroup;
			children = (
				357FF8231C858F990059E503 /* WMMenuView */,
				357FF82E1C858F990059E503 /* WMPageConst.h */,
				357FF82F1C858F990059E503 /* WMPageController.h */,
				357FF8301C858F990059E503 /* WMPageController.m */,
			);
			path = WMPageController;
			sourceTree = "<group>";
		};
		357FF8231C858F990059E503 /* WMMenuView */ = {
			isa = PBXGroup;
			children = (
				357FF8241C858F990059E503 /* WMFooldView.h */,
				357FF8251C858F990059E503 /* WMFooldView.m */,
				357FF8261C858F990059E503 /* WMMenuItem.h */,
				357FF8271C858F990059E503 /* WMMenuItem.m */,
				357FF8281C858F990059E503 /* WMMenuView.h */,
				357FF8291C858F990059E503 /* WMMenuView.m */,
				357FF82A1C858F990059E503 /* WMProgressView.h */,
				357FF82B1C858F990059E503 /* WMProgressView.m */,
				357FF82C1C858F990059E503 /* WMScrollView.h */,
				357FF82D1C858F990059E503 /* WMScrollView.m */,
			);
			path = WMMenuView;
			sourceTree = "<group>";
		};
		358A26A51C8545370088C0A9 /* Common */ = {
			isa = PBXGroup;
			children = (
			);
			path = Common;
			sourceTree = "<group>";
		};
		35AF75471C846FD10018B5E4 /* ForumCommon */ = {
			isa = PBXGroup;
			children = (
				35AF75481C8470010018B5E4 /* CQWebViewController.h */,
				35AF75491C8470010018B5E4 /* CQWebViewController.m */,
			);
			path = ForumCommon;
			sourceTree = "<group>";
		};
		3F01E27B1C85467900F471CD /* Tools */ = {
			isa = PBXGroup;
			children = (
				3F01E27C1C8546B500F471CD /* DownLoad.h */,
				3F01E27D1C8546B500F471CD /* DownLoad.m */,
			);
			path = Tools;
			sourceTree = "<group>";
		};
		3FAC29C21C813D7B00CCBD9D = {
			isa = PBXGroup;
			children = (
				3FAC2A111C813EFB00CCBD9D /* Resource */,
				3FAC29CD1C813D7B00CCBD9D /* CarQue */,
				3FAC29E71C813D7B00CCBD9D /* CarQueTests */,
				3FAC29F21C813D7B00CCBD9D /* CarQueUITests */,
				3FAC29CC1C813D7B00CCBD9D /* Products */,
			);
			sourceTree = "<group>";
		};
		3FAC29CC1C813D7B00CCBD9D /* Products */ = {
			isa = PBXGroup;
			children = (
				3FAC29CB1C813D7B00CCBD9D /* CarQue.app */,
				3FAC29E41C813D7B00CCBD9D /* CarQueTests.xctest */,
				3FAC29EF1C813D7B00CCBD9D /* CarQueUITests.xctest */,
			);
			name = Products;
			sourceTree = "<group>";
		};
		3FAC29CD1C813D7B00CCBD9D /* CarQue */ = {
			isa = PBXGroup;
			children = (
				358A26A51C8545370088C0A9 /* Common */,
				3FAC2A011C813DD200CCBD9D /* APP */,
				3507D1291C853EF40065240D /* FindCar */,
				3507D0F81C853EBF0065240D /* News */,
				3FAC2A061C813DD200CCBD9D /* Forum */,
				3FAC2A0A1C813DD200CCBD9D /* Main */,
				3FAC2A0F1C813DD200CCBD9D /* Profile */,
				3FAC2A101C813DD200CCBD9D /* Tools */,
				3FAC29CE1C813D7B00CCBD9D /* Supporting Files */,
			);
			path = CarQue;
			sourceTree = "<group>";
		};
		3FAC29CE1C813D7B00CCBD9D /* Supporting Files */ = {
			isa = PBXGroup;
			children = (
				3F600BB31C81A10D00CC9140 /* CarQueAPI.h */,
				3FAC29DF1C813D7B00CCBD9D /* Info.plist */,
				3FAC29CF1C813D7B00CCBD9D /* main.m */,
				358A26A71C8545780088C0A9 /* PrefixHeader.pch */,
			);
			name = "Supporting Files";
			sourceTree = "<group>";
		};
		3FAC29E71C813D7B00CCBD9D /* CarQueTests */ = {
			isa = PBXGroup;
			children = (
				3FAC29E81C813D7B00CCBD9D /* CarQueTests.m */,
				3FAC29EA1C813D7B00CCBD9D /* Info.plist */,
			);
			path = CarQueTests;
			sourceTree = "<group>";
		};
		3FAC29F21C813D7B00CCBD9D /* CarQueUITests */ = {
			isa = PBXGroup;
			children = (
				3FAC29F31C813D7B00CCBD9D /* CarQueUITests.m */,
				3FAC29F51C813D7B00CCBD9D /* Info.plist */,
			);
			path = CarQueUITests;
			sourceTree = "<group>";
		};
		3FAC2A011C813DD200CCBD9D /* APP */ = {
			isa = PBXGroup;
			children = (
				3FAC29D11C813D7B00CCBD9D /* AppDelegate.h */,
				3FAC29D21C813D7B00CCBD9D /* AppDelegate.m */,
				3FF196201C81571800C40890 /* RootTabBarViewController.h */,
				3FF196211C81571800C40890 /* RootTabBarViewController.m */,
				3FAC29D71C813D7B00CCBD9D /* Main.storyboard */,
				3FAC29DA1C813D7B00CCBD9D /* Assets.xcassets */,
				3FAC29DC1C813D7B00CCBD9D /* LaunchScreen.storyboard */,
			);
			path = APP;
			sourceTree = "<group>";
		};
		3FAC2A061C813DD200CCBD9D /* Forum */ = {
			isa = PBXGroup;
			children = (
				357FF8131C856EE60059E503 /* Tools */,
				35AF75471C846FD10018B5E4 /* ForumCommon */,
				3FAC2A071C813DD200CCBD9D /* Model */,
				3FAC2A081C813DD200CCBD9D /* VC */,
				3FAC2A091C813DD200CCBD9D /* View */,
			);
			path = Forum;
			sourceTree = "<group>";
		};
		3FAC2A071C813DD200CCBD9D /* Model */ = {
			isa = PBXGroup;
			children = (
				357FF8141C8577F90059E503 /* HotListModel */,
				35AF75411C846D600018B5E4 /* CQHotDetailModel.h */,
				35AF75421C846D600018B5E4 /* CQHotDetailModel.m */,
				35AF754B1C8475030018B5E4 /* CQQuestionSortListModel.h */,
				35AF754C1C8475030018B5E4 /* CQQuestionSortListModel.m */,
				35AF754E1C8477A20018B5E4 /* CQQeustionSortDetailModel.h */,
				35AF754F1C8477A20018B5E4 /* CQQeustionSortDetailModel.m */,
			);
			path = Model;
			sourceTree = "<group>";
		};
		3FAC2A081C813DD200CCBD9D /* VC */ = {
			isa = PBXGroup;
			children = (
				3FAC2A461C81420200CCBD9D /* CQForumVC.h */,
				3FAC2A471C81420200CCBD9D /* CQForumVC.m */,
				35AF753B1C846B000018B5E4 /* CQQuestionSortVC.h */,
				35AF753C1C846B000018B5E4 /* CQQuestionSortVC.m */,
				357FF8371C8590E40059E503 /* CQForumMainPageC.h */,
				357FF8381C8590E40059E503 /* CQForumMainPageC.m */,
			);
			path = VC;
			sourceTree = "<group>";
		};
		3FAC2A091C813DD200CCBD9D /* View */ = {
			isa = PBXGroup;
			children = (
				35AF75541C8478B40018B5E4 /* CQQuestionSortListView.h */,
				35AF75551C8478B40018B5E4 /* CQQuestionSortListView.m */,
				3501A3E91C85B3C100C6371E /* CQHotListCell.h */,
				3501A3EA1C85B3C100C6371E /* CQHotListCell.m */,
				3501A3EB1C85B3C100C6371E /* CQHotListCell.xib */,
			);
			path = View;
			sourceTree = "<group>";
		};
		3FAC2A0A1C813DD200CCBD9D /* Main */ = {
			isa = PBXGroup;
			children = (
				3FAC29D41C813D7B00CCBD9D /* ViewController.h */,
				3FAC29D51C813D7B00CCBD9D /* ViewController.m */,
			);
			path = Main;
			sourceTree = "<group>";
		};
		3FAC2A0F1C813DD200CCBD9D /* Profile */ = {
			isa = PBXGroup;
			children = (
				3FAC2A4E1C81423C00CCBD9D /* VC */,
				3FAC2A4D1C81423800CCBD9D /* View */,
				3FAC2A4C1C81423100CCBD9D /* Model */,
			);
			path = Profile;
			sourceTree = "<group>";
		};
		3FAC2A101C813DD200CCBD9D /* Tools */ = {
			isa = PBXGroup;
			children = (
			);
			path = Tools;
			sourceTree = "<group>";
		};
		3FAC2A111C813EFB00CCBD9D /* Resource */ = {
			isa = PBXGroup;
			children = (
				3FAC2A121C813F2F00CCBD9D /* 社区聊天图标 */,
				3FAC2A151C813F2F00CCBD9D /* 我的页面图标 */,
				3FAC2A1F1C813F2F00CCBD9D /* 新闻中间图标 */,
				3FAC2A251C813F2F00CCBD9D /* 找车页面图标 */,
				3FAC2A281C813F2F00CCBD9D /* tabbar标签图片 */,
			);
			path = Resource;
			sourceTree = "<group>";
		};
		3FAC2A121C813F2F00CCBD9D /* 社区聊天图标 */ = {
			isa = PBXGroup;
			children = (
				3FAC2A131C813F2F00CCBD9D /* iconfont-dianzan.png */,
				3FAC2A141C813F2F00CCBD9D /* iconfont-liaotian.png */,
			);
			path = "社区聊天图标";
			sourceTree = "<group>";
		};
		3FAC2A151C813F2F00CCBD9D /* 我的页面图标 */ = {
			isa = PBXGroup;
			children = (
				3FAC2A161C813F2F00CCBD9D /* iconfont-dna.png */,
				3FAC2A171C813F2F00CCBD9D /* iconfont-lajixiang.png */,
				3FAC2A181C813F2F00CCBD9D /* iconfont-quedingwode.png */,
				3FAC2A191C813F2F00CCBD9D /* iconfont-shezhi.png */,
				3FAC2A1A1C813F2F00CCBD9D /* iconfont-shizhong.png */,
				3FAC2A1B1C813F2F00CCBD9D /* iconfont-shoucang.png */,
				3FAC2A1C1C813F2F00CCBD9D /* iconfont-wujiaoxing.png */,
				3FAC2A1D1C813F2F00CCBD9D /* iconfont-xiazai.png */,
				3FAC2A1E1C813F2F00CCBD9D /* iconfont-xinwen.png */,
			);
			path = "我的页面图标";
			sourceTree = "<group>";
		};
		3FAC2A1F1C813F2F00CCBD9D /* 新闻中间图标 */ = {
			isa = PBXGroup;
			children = (
				3FAC2A201C813F2F00CCBD9D /* iconfont-8.png */,
				3FAC2A211C813F2F00CCBD9D /* iconfont-paixing.png */,
				3FAC2A221C813F2F00CCBD9D /* iconfont-qiche-copy.png */,
				3FAC2A231C813F2F00CCBD9D /* iconfont-qichebaoyang.png */,
				3FAC2A241C813F2F00CCBD9D /* iconfont-shoucang.png */,
			);
			path = "新闻中间图标";
			sourceTree = "<group>";
		};
		3FAC2A251C813F2F00CCBD9D /* 找车页面图标 */ = {
			isa = PBXGroup;
			children = (
				3FAC2A261C813F2F00CCBD9D /*  seach.png */,
				3FAC2A271C813F2F00CCBD9D /* iconfont-sousuo.png */,
			);
			path = "找车页面图标";
			sourceTree = "<group>";
		};
		3FAC2A281C813F2F00CCBD9D /* tabbar标签图片 */ = {
			isa = PBXGroup;
			children = (
				3FF1962D1C81706E00C40890 /* liaotian.png */,
				3FF1962E1C81706E00C40890 /* news.png */,
				3FF1962F1C81706E00C40890 /* sousuo.png */,
				3FF196301C81706E00C40890 /* wode.png */,
			);
			path = "tabbar标签图片";
			sourceTree = "<group>";
		};
		3FAC2A4C1C81423100CCBD9D /* Model */ = {
			isa = PBXGroup;
			children = (
			);
			path = Model;
			sourceTree = "<group>";
		};
		3FAC2A4D1C81423800CCBD9D /* View */ = {
			isa = PBXGroup;
			children = (
			);
			path = View;
			sourceTree = "<group>";
		};
		3FAC2A4E1C81423C00CCBD9D /* VC */ = {
			isa = PBXGroup;
			children = (
				3FAC2A4F1C81427800CCBD9D /* CQProfileVC.h */,
				3FAC2A501C81427800CCBD9D /* CQProfileVC.m */,
			);
			path = VC;
			sourceTree = "<group>";
		};
		B1D8160D1C85D8490069B391 /* YCSlideView */ = {
			isa = PBXGroup;
			children = (
			);
			path = YCSlideView;
			sourceTree = "<group>";
		};
		B1D818ED1C85DCE10069B391 /* YCSlideView */ = {
			isa = PBXGroup;
			children = (
				B1D818EE1C85DCE10069B391 /* CQNewMainVC.h */,
				B1D818EF1C85DCE10069B391 /* CQNewMainVC.m */,
				B1D818F01C85DCE10069B391 /* load1.png */,
				B1D818F11C85DCE10069B391 /* load2.png */,
				B1D818F21C85DCE10069B391 /* load3.png */,
				B1D818F31C85DCE10069B391 /* load_carousel@3x.png */,
				B1D818F41C85DCE10069B391 /* YCSlideView.h */,
				B1D818F51C85DCE10069B391 /* YCSlideView.m */,
			);
			name = YCSlideView;
			path = CarQue/News/YCSlideView;
			sourceTree = SOURCE_ROOT;
		};
/* End PBXGroup section */

/* Begin PBXNativeTarget section */
		3FAC29CA1C813D7B00CCBD9D /* CarQue */ = {
			isa = PBXNativeTarget;
			buildConfigurationList = 3FAC29F81C813D7B00CCBD9D /* Build configuration list for PBXNativeTarget "CarQue" */;
			buildPhases = (
				3FAC29C71C813D7B00CCBD9D /* Sources */,
				3FAC29C81C813D7B00CCBD9D /* Frameworks */,
				3FAC29C91C813D7B00CCBD9D /* Resources */,
			);
			buildRules = (
			);
			dependencies = (
			);
			name = CarQue;
			productName = CarQue;
			productReference = 3FAC29CB1C813D7B00CCBD9D /* CarQue.app */;
			productType = "com.apple.product-type.application";
		};
		3FAC29E31C813D7B00CCBD9D /* CarQueTests */ = {
			isa = PBXNativeTarget;
			buildConfigurationList = 3FAC29FB1C813D7B00CCBD9D /* Build configuration list for PBXNativeTarget "CarQueTests" */;
			buildPhases = (
				3FAC29E01C813D7B00CCBD9D /* Sources */,
				3FAC29E11C813D7B00CCBD9D /* Frameworks */,
				3FAC29E21C813D7B00CCBD9D /* Resources */,
			);
			buildRules = (
			);
			dependencies = (
				3FAC29E61C813D7B00CCBD9D /* PBXTargetDependency */,
			);
			name = CarQueTests;
			productName = CarQueTests;
			productReference = 3FAC29E41C813D7B00CCBD9D /* CarQueTests.xctest */;
			productType = "com.apple.product-type.bundle.unit-test";
		};
		3FAC29EE1C813D7B00CCBD9D /* CarQueUITests */ = {
			isa = PBXNativeTarget;
			buildConfigurationList = 3FAC29FE1C813D7B00CCBD9D /* Build configuration list for PBXNativeTarget "CarQueUITests" */;
			buildPhases = (
				3FAC29EB1C813D7B00CCBD9D /* Sources */,
				3FAC29EC1C813D7B00CCBD9D /* Frameworks */,
				3FAC29ED1C813D7B00CCBD9D /* Resources */,
			);
			buildRules = (
			);
			dependencies = (
				3FAC29F11C813D7B00CCBD9D /* PBXTargetDependency */,
			);
			name = CarQueUITests;
			productName = CarQueUITests;
			productReference = 3FAC29EF1C813D7B00CCBD9D /* CarQueUITests.xctest */;
			productType = "com.apple.product-type.bundle.ui-testing";
		};
/* End PBXNativeTarget section */

/* Begin PBXProject section */
		3FAC29C31C813D7B00CCBD9D /* Project object */ = {
			isa = PBXProject;
			attributes = {
				LastUpgradeCheck = 0700;
				ORGANIZATIONNAME = GHY;
				TargetAttributes = {
					3FAC29CA1C813D7B00CCBD9D = {
						CreatedOnToolsVersion = 7.0.1;
						DevelopmentTeam = PQX5RPWM77;
					};
					3FAC29E31C813D7B00CCBD9D = {
						CreatedOnToolsVersion = 7.0.1;
						DevelopmentTeam = PQX5RPWM77;
						TestTargetID = 3FAC29CA1C813D7B00CCBD9D;
					};
					3FAC29EE1C813D7B00CCBD9D = {
						CreatedOnToolsVersion = 7.0.1;
						DevelopmentTeam = PQX5RPWM77;
						TestTargetID = 3FAC29CA1C813D7B00CCBD9D;
					};
				};
			};
			buildConfigurationList = 3FAC29C61C813D7B00CCBD9D /* Build configuration list for PBXProject "CarQue" */;
			compatibilityVersion = "Xcode 3.2";
			developmentRegion = English;
			hasScannedForEncodings = 0;
			knownRegions = (
				en,
				Base,
			);
			mainGroup = 3FAC29C21C813D7B00CCBD9D;
			productRefGroup = 3FAC29CC1C813D7B00CCBD9D /* Products */;
			projectDirPath = "";
			projectRoot = "";
			targets = (
				3FAC29CA1C813D7B00CCBD9D /* CarQue */,
				3FAC29E31C813D7B00CCBD9D /* CarQueTests */,
				3FAC29EE1C813D7B00CCBD9D /* CarQueUITests */,
			);
		};
/* End PBXProject section */

/* Begin PBXResourcesBuildPhase section */
		3FAC29C91C813D7B00CCBD9D /* Resources */ = {
			isa = PBXResourcesBuildPhase;
			buildActionMask = 2147483647;
			files = (
				3507D15B1C853EF40065240D /* OneBrandListTableVC.xib in Resources */,
				B1D818F91C85DCE10069B391 /* load3.png in Resources */,
				3501A3ED1C85B3C100C6371E /* CQHotListCell.xib in Resources */,
				B1D80ABC1C85D6D40069B391 /* CQShoppingViewCell.xib in Resources */,
				3FAC29DE1C813D7B00CCBD9D /* LaunchScreen.storyboard in Resources */,
				3FAC2A341C813F2F00CCBD9D /* iconfont-shoucang.png in Resources */,
				3FF196311C81706E00C40890 /* liaotian.png in Resources */,
				3507D1631C853EF40065240D /* DetailsForCarTableViewCell.xib in Resources */,
				3FF196331C81706E00C40890 /* sousuo.png in Resources */,
				3507D1671C853EF40065240D /* OneKindListTableViewCell.xib in Resources */,
				3FAC2A331C813F2F00CCBD9D /* iconfont-shizhong.png in Resources */,
				3FAC2A2F1C813F2F00CCBD9D /* iconfont-dna.png in Resources */,
				3FAC2A391C813F2F00CCBD9D /* iconfont-paixing.png in Resources */,
				3FAC2A351C813F2F00CCBD9D /* iconfont-wujiaoxing.png in Resources */,
				B1D818F71C85DCE10069B391 /* load1.png in Resources */,
				3FAC2A2D1C813F2F00CCBD9D /* iconfont-dianzan.png in Resources */,
				3FAC2A371C813F2F00CCBD9D /* iconfont-xinwen.png in Resources */,
				3507D1591C853EF40065240D /* DetailsForCarTableVC.xib in Resources */,
				3FAC2A3B1C813F2F00CCBD9D /* iconfont-qichebaoyang.png in Resources */,
				3FF196341C81706E00C40890 /* wode.png in Resources */,
				3FAC2A2E1C813F2F00CCBD9D /* iconfont-liaotian.png in Resources */,
				3507D15F1C853EF40065240D /* CQFindCarLogoCollectionTableViewCell.xib in Resources */,
				3FAC2A361C813F2F00CCBD9D /* iconfont-xiazai.png in Resources */,
				3FAC2A3C1C813F2F00CCBD9D /* iconfont-shoucang.png in Resources */,
				B1D818F81C85DCE10069B391 /* load2.png in Resources */,
				B1D80ABA1C85D6D40069B391 /* CQPictureViewCell.xib in Resources */,
				3FAC2A311C813F2F00CCBD9D /* iconfont-quedingwode.png in Resources */,
				3F01E2881C8554B800F471CD /* CQFindCarVC.xib in Resources */,
				3FAC2A301C813F2F00CCBD9D /* iconfont-lajixiang.png in Resources */,
				3FAC2A321C813F2F00CCBD9D /* iconfont-shezhi.png in Resources */,
				3FF196321C81706E00C40890 /* news.png in Resources */,
				3507D1611C853EF40065240D /* CQFindCarLogoListTableViewCell.xib in Resources */,
				3FAC2A3A1C813F2F00CCBD9D /* iconfont-qiche-copy.png in Resources */,
				3FAC2A3E1C813F2F00CCBD9D /* iconfont-sousuo.png in Resources */,
				B1D80AB81C85D6D40069B391 /* CQNewsVCCell.xib in Resources */,
				3FAC29DB1C813D7B00CCBD9D /* Assets.xcassets in Resources */,
				3FAC2A3D1C813F2F00CCBD9D /*  seach.png in Resources */,
				3FAC2A381C813F2F00CCBD9D /* iconfont-8.png in Resources */,
				3FAC29D91C813D7B00CCBD9D /* Main.storyboard in Resources */,
				3507D15D1C853EF40065240D /* OneKindListTableVC.xib in Resources */,
				3507D1651C853EF40065240D /* OneBrandListTableViewCell.xib in Resources */,
				B1D818FA1C85DCE10069B391 /* load_carousel@3x.png in Resources */,
				3507D1561C853EF40065240D /* AllBrandListTableCollectionVC.xib in Resources */,
			);
			runOnlyForDeploymentPostprocessing = 0;
		};
		3FAC29E21C813D7B00CCBD9D /* Resources */ = {
			isa = PBXResourcesBuildPhase;
			buildActionMask = 2147483647;
			files = (
			);
			runOnlyForDeploymentPostprocessing = 0;
		};
		3FAC29ED1C813D7B00CCBD9D /* Resources */ = {
			isa = PBXResourcesBuildPhase;
			buildActionMask = 2147483647;
			files = (
			);
			runOnlyForDeploymentPostprocessing = 0;
		};
/* End PBXResourcesBuildPhase section */

/* Begin PBXSourcesBuildPhase section */
		3FAC29C71C813D7B00CCBD9D /* Sources */ = {
			isa = PBXSourcesBuildPhase;
			buildActionMask = 2147483647;
			files = (
				35AF75431C846D600018B5E4 /* CQHotDetailModel.m in Sources */,
				3507D1551C853EF40065240D /* AllBrandListTableCollectionVC.m in Sources */,
				3507D15A1C853EF40065240D /* OneBrandListTableVC.m in Sources */,
				357FF81E1C8578AB0059E503 /* CQHotlist.m in Sources */,
				3FAC29D61C813D7B00CCBD9D /* ViewController.m in Sources */,
				357FF8351C858F990059E503 /* WMScrollView.m in Sources */,
				B1D80AA81C85D6AE0069B391 /* CQVideoVC.m in Sources */,
				357FF8311C858F990059E503 /* WMFooldView.m in Sources */,
				B1D80AA71C85D6AE0069B391 /* CQShoppingVC.m in Sources */,
				357FF8331C858F990059E503 /* WMMenuView.m in Sources */,
				3507D1641C853EF40065240D /* OneBrandListTableViewCell.m in Sources */,
				3FAC29D31C813D7B00CCBD9D /* AppDelegate.m in Sources */,
				3507D1621C853EF40065240D /* DetailsForCarTableViewCell.m in Sources */,
				357FF8361C858F990059E503 /* WMPageController.m in Sources */,
				35AF754D1C8475030018B5E4 /* CQQuestionSortListModel.m in Sources */,
				35AF75501C8477A20018B5E4 /* CQQeustionSortDetailModel.m in Sources */,
				B1D80AB71C85D6D40069B391 /* CQNewsVCCell.m in Sources */,
				3FF196221C81571800C40890 /* RootTabBarViewController.m in Sources */,
				3507D1511C853EF40065240D /* CQFindCarLogoListModel.m in Sources */,
				B1D818F61C85DCE10069B391 /* CQNewMainVC.m in Sources */,
				3507D1521C853EF40065240D /* DetailsForCarModel.m in Sources */,
				3507D1581C853EF40065240D /* DetailsForCarTableVC.m in Sources */,
				3507D1601C853EF40065240D /* CQFindCarLogoListTableViewCell.m in Sources */,
				357FF8201C8578AB0059E503 /* CQNewlist.m in Sources */,
				B1D80ABD1C85D6D40069B391 /* CQVideoViewCell.m in Sources */,
				B1D80AB91C85D6D40069B391 /* CQPictureViewCell.m in Sources */,
				B1D80AA61C85D6AE0069B391 /* CQPictureVC.m in Sources */,
				357FF8341C858F990059E503 /* WMProgressView.m in Sources */,
				B1D818FB1C85DCE10069B391 /* YCSlideView.m in Sources */,
				3507D15C1C853EF40065240D /* OneKindListTableVC.m in Sources */,
				3FAC2A481C81420200CCBD9D /* CQForumVC.m in Sources */,
				3F01E27E1C8546B500F471CD /* DownLoad.m in Sources */,
				3FAC2A511C81427800CCBD9D /* CQProfileVC.m in Sources */,
				357FF8391C8590E40059E503 /* CQForumMainPageC.m in Sources */,
				35AF754A1C8470010018B5E4 /* CQWebViewController.m in Sources */,
				35AF753D1C846B000018B5E4 /* CQQuestionSortVC.m in Sources */,
				3F01E2871C8554B800F471CD /* CQFindCarVC.m in Sources */,
				3507D1541C853EF40065240D /* OneKindListModel.m in Sources */,
				B1D80AA51C85D6AE0069B391 /* CQNewsVC.m in Sources */,
				3507D1531C853EF40065240D /* OneBrandListModel.m in Sources */,
				B1D80AB61C85D6D40069B391 /* CQNewLoopView.m in Sources */,
				3507D15E1C853EF40065240D /* CQFindCarLogoCollectionTableViewCell.m in Sources */,
				3507D1661C853EF40065240D /* OneKindListTableViewCell.m in Sources */,
				357FF8321C858F990059E503 /* WMMenuItem.m in Sources */,
				35AF75561C8478B40018B5E4 /* CQQuestionSortListView.m in Sources */,
				3FAC29D01C813D7B00CCBD9D /* main.m in Sources */,
				B1D80ABB1C85D6D40069B391 /* CQShoppingViewCell.m in Sources */,
				3501A3EC1C85B3C100C6371E /* CQHotListCell.m in Sources */,
			);
			runOnlyForDeploymentPostprocessing = 0;
		};
		3FAC29E01C813D7B00CCBD9D /* Sources */ = {
			isa = PBXSourcesBuildPhase;
			buildActionMask = 2147483647;
			files = (
				3FAC29E91C813D7B00CCBD9D /* CarQueTests.m in Sources */,
			);
			runOnlyForDeploymentPostprocessing = 0;
		};
		3FAC29EB1C813D7B00CCBD9D /* Sources */ = {
			isa = PBXSourcesBuildPhase;
			buildActionMask = 2147483647;
			files = (
				3FAC29F41C813D7B00CCBD9D /* CarQueUITests.m in Sources */,
			);
			runOnlyForDeploymentPostprocessing = 0;
		};
/* End PBXSourcesBuildPhase section */

/* Begin PBXTargetDependency section */
		3FAC29E61C813D7B00CCBD9D /* PBXTargetDependency */ = {
			isa = PBXTargetDependency;
			target = 3FAC29CA1C813D7B00CCBD9D /* CarQue */;
			targetProxy = 3FAC29E51C813D7B00CCBD9D /* PBXContainerItemProxy */;
		};
		3FAC29F11C813D7B00CCBD9D /* PBXTargetDependency */ = {
			isa = PBXTargetDependency;
			target = 3FAC29CA1C813D7B00CCBD9D /* CarQue */;
			targetProxy = 3FAC29F01C813D7B00CCBD9D /* PBXContainerItemProxy */;
		};
/* End PBXTargetDependency section */

/* Begin PBXVariantGroup section */
		3FAC29D71C813D7B00CCBD9D /* Main.storyboard */ = {
			isa = PBXVariantGroup;
			children = (
				3FAC29D81C813D7B00CCBD9D /* Base */,
			);
			name = Main.storyboard;
			path = ..;
			sourceTree = "<group>";
		};
		3FAC29DC1C813D7B00CCBD9D /* LaunchScreen.storyboard */ = {
			isa = PBXVariantGroup;
			children = (
				3FAC29DD1C813D7B00CCBD9D /* Base */,
			);
			name = LaunchScreen.storyboard;
			path = ..;
			sourceTree = "<group>";
		};
/* End PBXVariantGroup section */

/* Begin XCBuildConfiguration section */
		3FAC29F61C813D7B00CCBD9D /* Debug */ = {
			isa = XCBuildConfiguration;
			buildSettings = {
				ALWAYS_SEARCH_USER_PATHS = NO;
				CLANG_CXX_LANGUAGE_STANDARD = "gnu++0x";
				CLANG_CXX_LIBRARY = "libc++";
				CLANG_ENABLE_MODULES = YES;
				CLANG_ENABLE_OBJC_ARC = YES;
				CLANG_WARN_BOOL_CONVERSION = YES;
				CLANG_WARN_CONSTANT_CONVERSION = YES;
				CLANG_WARN_DIRECT_OBJC_ISA_USAGE = YES_ERROR;
				CLANG_WARN_EMPTY_BODY = YES;
				CLANG_WARN_ENUM_CONVERSION = YES;
				CLANG_WARN_INT_CONVERSION = YES;
				CLANG_WARN_OBJC_ROOT_CLASS = YES_ERROR;
				CLANG_WARN_UNREACHABLE_CODE = YES;
				CLANG_WARN__DUPLICATE_METHOD_MATCH = YES;
				"CODE_SIGN_IDENTITY[sdk=iphoneos*]" = "iPhone Developer";
				COPY_PHASE_STRIP = NO;
				DEBUG_INFORMATION_FORMAT = dwarf;
				ENABLE_STRICT_OBJC_MSGSEND = YES;
				ENABLE_TESTABILITY = YES;
				GCC_C_LANGUAGE_STANDARD = gnu99;
				GCC_DYNAMIC_NO_PIC = NO;
				GCC_NO_COMMON_BLOCKS = YES;
				GCC_OPTIMIZATION_LEVEL = 0;
				GCC_PREPROCESSOR_DEFINITIONS = (
					"DEBUG=1",
					"$(inherited)",
				);
				GCC_WARN_64_TO_32_BIT_CONVERSION = YES;
				GCC_WARN_ABOUT_RETURN_TYPE = YES_ERROR;
				GCC_WARN_UNDECLARED_SELECTOR = YES;
				GCC_WARN_UNINITIALIZED_AUTOS = YES_AGGRESSIVE;
				GCC_WARN_UNUSED_FUNCTION = YES;
				GCC_WARN_UNUSED_VARIABLE = YES;
				IPHONEOS_DEPLOYMENT_TARGET = 9.0;
				MTL_ENABLE_DEBUG_INFO = YES;
				ONLY_ACTIVE_ARCH = YES;
				SDKROOT = iphoneos;
			};
			name = Debug;
		};
		3FAC29F71C813D7B00CCBD9D /* Release */ = {
			isa = XCBuildConfiguration;
			buildSettings = {
				ALWAYS_SEARCH_USER_PATHS = NO;
				CLANG_CXX_LANGUAGE_STANDARD = "gnu++0x";
				CLANG_CXX_LIBRARY = "libc++";
				CLANG_ENABLE_MODULES = YES;
				CLANG_ENABLE_OBJC_ARC = YES;
				CLANG_WARN_BOOL_CONVERSION = YES;
				CLANG_WARN_CONSTANT_CONVERSION = YES;
				CLANG_WARN_DIRECT_OBJC_ISA_USAGE = YES_ERROR;
				CLANG_WARN_EMPTY_BODY = YES;
				CLANG_WARN_ENUM_CONVERSION = YES;
				CLANG_WARN_INT_CONVERSION = YES;
				CLANG_WARN_OBJC_ROOT_CLASS = YES_ERROR;
				CLANG_WARN_UNREACHABLE_CODE = YES;
				CLANG_WARN__DUPLICATE_METHOD_MATCH = YES;
				"CODE_SIGN_IDENTITY[sdk=iphoneos*]" = "iPhone Developer";
				COPY_PHASE_STRIP = NO;
				DEBUG_INFORMATION_FORMAT = "dwarf-with-dsym";
				ENABLE_NS_ASSERTIONS = NO;
				ENABLE_STRICT_OBJC_MSGSEND = YES;
				GCC_C_LANGUAGE_STANDARD = gnu99;
				GCC_NO_COMMON_BLOCKS = YES;
				GCC_WARN_64_TO_32_BIT_CONVERSION = YES;
				GCC_WARN_ABOUT_RETURN_TYPE = YES_ERROR;
				GCC_WARN_UNDECLARED_SELECTOR = YES;
				GCC_WARN_UNINITIALIZED_AUTOS = YES_AGGRESSIVE;
				GCC_WARN_UNUSED_FUNCTION = YES;
				GCC_WARN_UNUSED_VARIABLE = YES;
				IPHONEOS_DEPLOYMENT_TARGET = 9.0;
				MTL_ENABLE_DEBUG_INFO = NO;
				SDKROOT = iphoneos;
				VALIDATE_PRODUCT = YES;
			};
			name = Release;
		};
		3FAC29F91C813D7B00CCBD9D /* Debug */ = {
			isa = XCBuildConfiguration;
			buildSettings = {
				ASSETCATALOG_COMPILER_APPICON_NAME = AppIcon;
				CODE_SIGN_IDENTITY = "iPhone Developer";
				"CODE_SIGN_IDENTITY[sdk=iphoneos*]" = "iPhone Developer";
				GCC_PRECOMPILE_PREFIX_HEADER = YES;
				GCC_PREFIX_HEADER = "${SRCROOT}/CarQue/PrefixHeader.pch";
				INFOPLIST_FILE = CarQue/Info.plist;
				IPHONEOS_DEPLOYMENT_TARGET = 8.0;
				LD_RUNPATH_SEARCH_PATHS = "$(inherited) @executable_path/Frameworks";
				PRODUCT_BUNDLE_IDENTIFIER = com.lanou3g.CarQue;
				PRODUCT_NAME = "$(TARGET_NAME)";
				PROVISIONING_PROFILE = "";
			};
			name = Debug;
		};
		3FAC29FA1C813D7B00CCBD9D /* Release */ = {
			isa = XCBuildConfiguration;
			buildSettings = {
				ASSETCATALOG_COMPILER_APPICON_NAME = AppIcon;
				CODE_SIGN_IDENTITY = "iPhone Developer";
				"CODE_SIGN_IDENTITY[sdk=iphoneos*]" = "iPhone Developer";
				GCC_PRECOMPILE_PREFIX_HEADER = YES;
				GCC_PREFIX_HEADER = "${SRCROOT}/CarQue/PrefixHeader.pch";
				INFOPLIST_FILE = CarQue/Info.plist;
				IPHONEOS_DEPLOYMENT_TARGET = 8.0;
				LD_RUNPATH_SEARCH_PATHS = "$(inherited) @executable_path/Frameworks";
				PRODUCT_BUNDLE_IDENTIFIER = com.lanou3g.CarQue;
				PRODUCT_NAME = "$(TARGET_NAME)";
				PROVISIONING_PROFILE = "";
			};
			name = Release;
		};
		3FAC29FC1C813D7B00CCBD9D /* Debug */ = {
			isa = XCBuildConfiguration;
			buildSettings = {
				BUNDLE_LOADER = "$(TEST_HOST)";
				INFOPLIST_FILE = CarQueTests/Info.plist;
				LD_RUNPATH_SEARCH_PATHS = "$(inherited) @executable_path/Frameworks @loader_path/Frameworks";
				PRODUCT_BUNDLE_IDENTIFIER = com.lanou3g.CarQueTests;
				PRODUCT_NAME = "$(TARGET_NAME)";
				TEST_HOST = "$(BUILT_PRODUCTS_DIR)/CarQue.app/CarQue";
			};
			name = Debug;
		};
		3FAC29FD1C813D7B00CCBD9D /* Release */ = {
			isa = XCBuildConfiguration;
			buildSettings = {
				BUNDLE_LOADER = "$(TEST_HOST)";
				INFOPLIST_FILE = CarQueTests/Info.plist;
				LD_RUNPATH_SEARCH_PATHS = "$(inherited) @executable_path/Frameworks @loader_path/Frameworks";
				PRODUCT_BUNDLE_IDENTIFIER = com.lanou3g.CarQueTests;
				PRODUCT_NAME = "$(TARGET_NAME)";
				TEST_HOST = "$(BUILT_PRODUCTS_DIR)/CarQue.app/CarQue";
			};
			name = Release;
		};
		3FAC29FF1C813D7B00CCBD9D /* Debug */ = {
			isa = XCBuildConfiguration;
			buildSettings = {
				INFOPLIST_FILE = CarQueUITests/Info.plist;
				LD_RUNPATH_SEARCH_PATHS = "$(inherited) @executable_path/Frameworks @loader_path/Frameworks";
				PRODUCT_BUNDLE_IDENTIFIER = com.lanou3g.CarQueUITests;
				PRODUCT_NAME = "$(TARGET_NAME)";
				TEST_TARGET_NAME = CarQue;
				USES_XCTRUNNER = YES;
			};
			name = Debug;
		};
		3FAC2A001C813D7B00CCBD9D /* Release */ = {
			isa = XCBuildConfiguration;
			buildSettings = {
				INFOPLIST_FILE = CarQueUITests/Info.plist;
				LD_RUNPATH_SEARCH_PATHS = "$(inherited) @executable_path/Frameworks @loader_path/Frameworks";
				PRODUCT_BUNDLE_IDENTIFIER = com.lanou3g.CarQueUITests;
				PRODUCT_NAME = "$(TARGET_NAME)";
				TEST_TARGET_NAME = CarQue;
				USES_XCTRUNNER = YES;
			};
			name = Release;
		};
/* End XCBuildConfiguration section */

/* Begin XCConfigurationList section */
		3FAC29C61C813D7B00CCBD9D /* Build configuration list for PBXProject "CarQue" */ = {
			isa = XCConfigurationList;
			buildConfigurations = (
				3FAC29F61C813D7B00CCBD9D /* Debug */,
				3FAC29F71C813D7B00CCBD9D /* Release */,
			);
			defaultConfigurationIsVisible = 0;
			defaultConfigurationName = Release;
		};
		3FAC29F81C813D7B00CCBD9D /* Build configuration list for PBXNativeTarget "CarQue" */ = {
			isa = XCConfigurationList;
			buildConfigurations = (
				3FAC29F91C813D7B00CCBD9D /* Debug */,
				3FAC29FA1C813D7B00CCBD9D /* Release */,
			);
			defaultConfigurationIsVisible = 0;
			defaultConfigurationName = Release;
		};
		3FAC29FB1C813D7B00CCBD9D /* Build configuration list for PBXNativeTarget "CarQueTests" */ = {
			isa = XCConfigurationList;
			buildConfigurations = (
				3FAC29FC1C813D7B00CCBD9D /* Debug */,
				3FAC29FD1C813D7B00CCBD9D /* Release */,
			);
			defaultConfigurationIsVisible = 0;
			defaultConfigurationName = Release;
		};
		3FAC29FE1C813D7B00CCBD9D /* Build configuration list for PBXNativeTarget "CarQueUITests" */ = {
			isa = XCConfigurationList;
			buildConfigurations = (
				3FAC29FF1C813D7B00CCBD9D /* Debug */,
				3FAC2A001C813D7B00CCBD9D /* Release */,
			);
			defaultConfigurationIsVisible = 0;
			defaultConfigurationName = Release;
		};
/* End XCConfigurationList section */
	};
	rootObject = 3FAC29C31C813D7B00CCBD9D /* Project object */;
}
